
Microsoft Visual Studio Solution File, Format Version 12.00
# Visual Studio 14
VisualStudioVersion = 14.0.25420.1
MinimumVisualStudioVersion = 10.0.40219.1
Project("{2150E333-8FDC-42A3-9474-1A3956D46DE8}") = "Test", "Test", "{7ECDCF15-95BB-4D2B-8C0D-8615D6E3BAB1}"
	ProjectSection(SolutionItems) = preProject
		Readme.txt = Readme.txt
	EndProjectSection
EndProject
Project("{2150E333-8FDC-42A3-9474-1A3956D46DE8}") = "Solution Items", "Solution Items", "{25F1A002-D766-40FD-910C-D3E9DCC6FCBF}"
	ProjectSection(SolutionItems) = preProject
		JSLintOptions.xml = JSLintOptions.xml
		Local.testsettings = Local.testsettings
		Performance1.psess = Performance1.psess
		Performance2.psess = Performance2.psess
		Performance3.psess = Performance3.psess
		Performance4.psess = Performance4.psess
		Performance5.psess = Performance5.psess
		Performance6.psess = Performance6.psess
		Performance7.psess = Performance7.psess
		Readme.txt = Readme.txt
		TraceAndTestImpact.testsettings = TraceAndTestImpact.testsettings
		XbimComplete.vsmdi = XbimComplete.vsmdi
	EndProjectSection
EndProject
Project("{FAE04EC0-301F-11D3-BF4B-00C04F79EFBC}") = "BIMRL_QDB", "BIMRL\BIMRL_QDB.csproj", "{6BAFBB4A-44A8-4B24-91EE-A429EEB03246}"
	ProjectSection(ProjectDependencies) = postProject
		{571C1A04-3D2F-43C4-9BBC-E42A19FF2397} = {571C1A04-3D2F-43C4-9BBC-E42A19FF2397}
	EndProjectSection
EndProject
Project("{FAE04EC0-301F-11D3-BF4B-00C04F79EFBC}") = "BIMRLMisc", "BIMRLMisc\BIMRLMisc.csproj", "{263A8216-FA39-4CD8-9350-E27CA8AD1799}"
EndProject
Project("{2150E333-8FDC-42A3-9474-1A3956D46DE8}") = "BIMRL_Projects", "BIMRL_Projects", "{0E5E23D6-ECCE-4575-9BB1-1666D1B0A106}"
EndProject
Project("{FAE04EC0-301F-11D3-BF4B-00C04F79EFBC}") = "BIMRLInterface", "BIMRLInterface\BIMRLInterface.csproj", "{B5D96010-3E00-4728-AE57-1496A5E9BC72}"
	ProjectSection(ProjectDependencies) = postProject
		{571C1A04-3D2F-43C4-9BBC-E42A19FF2397} = {571C1A04-3D2F-43C4-9BBC-E42A19FF2397}
		{6BAFBB4A-44A8-4B24-91EE-A429EEB03246} = {6BAFBB4A-44A8-4B24-91EE-A429EEB03246}
	EndProjectSection
EndProject
Project("{FAE04EC0-301F-11D3-BF4B-00C04F79EFBC}") = "OctreeLib", "OctTreeLib\OctreeLib.csproj", "{571C1A04-3D2F-43C4-9BBC-E42A19FF2397}"
EndProject
Project("{FAE04EC0-301F-11D3-BF4B-00C04F79EFBC}") = "BIMDataTile", "EmpireBIMDataTile\BIMDataTile.csproj", "{C435BA8A-CE7F-446F-BA2E-6E745EE836AF}"
EndProject
Project("{FAE04EC0-301F-11D3-BF4B-00C04F79EFBC}") = "BIMRLGraph", "BIMRLGraph\BIMRLGraph.csproj", "{179CD0ED-DA22-4D61-BE50-E4A02ADD07D4}"
EndProject
Project("{FAE04EC0-301F-11D3-BF4B-00C04F79EFBC}") = "GraphTest", "GraphTest\GraphTest.csproj", "{4D67E703-9EBD-489D-80FB-06514B98CB88}"
EndProject
Project("{FAE04EC0-301F-11D3-BF4B-00C04F79EFBC}") = "BIMRL_ETLConfig.XplorerPlugin", "BIMRL_ETLConfig.XplorerPlugin\BIMRL_ETLConfig.XplorerPlugin.csproj", "{5B8D6A1D-BAB3-4AA8-B203-2EF1032FAC17}"
EndProject
Project("{FAE04EC0-301F-11D3-BF4B-00C04F79EFBC}") = "BIMRL_ETL.XplorerPlugin", "BIMRL_ETL.XplorerPlugin\BIMRL_ETL.XplorerPlugin.csproj", "{6DE73A7B-1C3B-494D-868C-66C43EB43C3D}"
EndProject
Project("{FAE04EC0-301F-11D3-BF4B-00C04F79EFBC}") = "BIMRL_Main.XplorerPlugin", "BIMRL_Main.XplorerPlugin\BIMRL_Main.XplorerPlugin.csproj", "{DF48237B-5225-45C2-88E3-BEF1BD4A2852}"
EndProject
Project("{FAE04EC0-301F-11D3-BF4B-00C04F79EFBC}") = "BIMRLDiffModelsUI", "DiffModelsUI\BIMRLDiffModelsUI.csproj", "{4FDC3B61-1B59-45D8-8B4F-C65288560C13}"
EndProject
Project("{FAE04EC0-301F-11D3-BF4B-00C04F79EFBC}") = "BIMRLDiffModelsCmd", "BIMRLDiffModelsCmd\BIMRLDiffModelsCmd.csproj", "{7642CB36-5718-429D-93D7-1E106D3FFD3E}"
EndProject
Global
	GlobalSection(SolutionConfigurationPlatforms) = preSolution
		Debug|Any CPU = Debug|Any CPU
		Debug|Mixed Platforms = Debug|Mixed Platforms
		Debug|x64 = Debug|x64
		NugetDistribution|Any CPU = NugetDistribution|Any CPU
		NugetDistribution|Mixed Platforms = NugetDistribution|Mixed Platforms
		NugetDistribution|x64 = NugetDistribution|x64
		Release|Any CPU = Release|Any CPU
		Release|Mixed Platforms = Release|Mixed Platforms
		Release|x64 = Release|x64
		ReleaseWithPDB|Any CPU = ReleaseWithPDB|Any CPU
		ReleaseWithPDB|Mixed Platforms = ReleaseWithPDB|Mixed Platforms
		ReleaseWithPDB|x64 = ReleaseWithPDB|x64
	EndGlobalSection
	GlobalSection(ProjectConfigurationPlatforms) = postSolution
		{6BAFBB4A-44A8-4B24-91EE-A429EEB03246}.Debug|Any CPU.ActiveCfg = Debug|Any CPU
		{6BAFBB4A-44A8-4B24-91EE-A429EEB03246}.Debug|Any CPU.Build.0 = Debug|Any CPU
		{6BAFBB4A-44A8-4B24-91EE-A429EEB03246}.Debug|Mixed Platforms.ActiveCfg = Debug|x64
		{6BAFBB4A-44A8-4B24-91EE-A429EEB03246}.Debug|Mixed Platforms.Build.0 = Debug|x64
		{6BAFBB4A-44A8-4B24-91EE-A429EEB03246}.Debug|x64.ActiveCfg = Debug|x64
		{6BAFBB4A-44A8-4B24-91EE-A429EEB03246}.Debug|x64.Build.0 = Debug|x64
		{6BAFBB4A-44A8-4B24-91EE-A429EEB03246}.NugetDistribution|Any CPU.ActiveCfg = Release|Any CPU
		{6BAFBB4A-44A8-4B24-91EE-A429EEB03246}.NugetDistribution|Any CPU.Build.0 = Release|Any CPU
		{6BAFBB4A-44A8-4B24-91EE-A429EEB03246}.NugetDistribution|Mixed Platforms.ActiveCfg = Release|Any CPU
		{6BAFBB4A-44A8-4B24-91EE-A429EEB03246}.NugetDistribution|Mixed Platforms.Build.0 = Release|Any CPU
		{6BAFBB4A-44A8-4B24-91EE-A429EEB03246}.NugetDistribution|x64.ActiveCfg = Release|x64
		{6BAFBB4A-44A8-4B24-91EE-A429EEB03246}.NugetDistribution|x64.Build.0 = Release|x64
		{6BAFBB4A-44A8-4B24-91EE-A429EEB03246}.Release|Any CPU.ActiveCfg = Release|Any CPU
		{6BAFBB4A-44A8-4B24-91EE-A429EEB03246}.Release|Any CPU.Build.0 = Release|Any CPU
		{6BAFBB4A-44A8-4B24-91EE-A429EEB03246}.Release|Mixed Platforms.ActiveCfg = Release|Any CPU
		{6BAFBB4A-44A8-4B24-91EE-A429EEB03246}.Release|Mixed Platforms.Build.0 = Release|Any CPU
		{6BAFBB4A-44A8-4B24-91EE-A429EEB03246}.Release|x64.ActiveCfg = Release|x64
		{6BAFBB4A-44A8-4B24-91EE-A429EEB03246}.Release|x64.Build.0 = Release|x64
		{6BAFBB4A-44A8-4B24-91EE-A429EEB03246}.ReleaseWithPDB|Any CPU.ActiveCfg = ReleaseWithPDB|Any CPU
		{6BAFBB4A-44A8-4B24-91EE-A429EEB03246}.ReleaseWithPDB|Any CPU.Build.0 = ReleaseWithPDB|Any CPU
		{6BAFBB4A-44A8-4B24-91EE-A429EEB03246}.ReleaseWithPDB|Mixed Platforms.ActiveCfg = ReleaseWithPDB|Any CPU
		{6BAFBB4A-44A8-4B24-91EE-A429EEB03246}.ReleaseWithPDB|Mixed Platforms.Build.0 = ReleaseWithPDB|Any CPU
		{6BAFBB4A-44A8-4B24-91EE-A429EEB03246}.ReleaseWithPDB|x64.ActiveCfg = ReleaseWithPDB|x64
		{6BAFBB4A-44A8-4B24-91EE-A429EEB03246}.ReleaseWithPDB|x64.Build.0 = ReleaseWithPDB|x64
		{263A8216-FA39-4CD8-9350-E27CA8AD1799}.Debug|Any CPU.ActiveCfg = Debug|Any CPU
		{263A8216-FA39-4CD8-9350-E27CA8AD1799}.Debug|Any CPU.Build.0 = Debug|Any CPU
		{263A8216-FA39-4CD8-9350-E27CA8AD1799}.Debug|Mixed Platforms.ActiveCfg = Debug|Any CPU
		{263A8216-FA39-4CD8-9350-E27CA8AD1799}.Debug|Mixed Platforms.Build.0 = Debug|Any CPU
		{263A8216-FA39-4CD8-9350-E27CA8AD1799}.Debug|x64.ActiveCfg = Debug|x64
		{263A8216-FA39-4CD8-9350-E27CA8AD1799}.Debug|x64.Build.0 = Debug|x64
		{263A8216-FA39-4CD8-9350-E27CA8AD1799}.NugetDistribution|Any CPU.ActiveCfg = Release|Any CPU
		{263A8216-FA39-4CD8-9350-E27CA8AD1799}.NugetDistribution|Any CPU.Build.0 = Release|Any CPU
		{263A8216-FA39-4CD8-9350-E27CA8AD1799}.NugetDistribution|Mixed Platforms.ActiveCfg = Release|Any CPU
		{263A8216-FA39-4CD8-9350-E27CA8AD1799}.NugetDistribution|Mixed Platforms.Build.0 = Release|Any CPU
		{263A8216-FA39-4CD8-9350-E27CA8AD1799}.NugetDistribution|x64.ActiveCfg = Release|x64
		{263A8216-FA39-4CD8-9350-E27CA8AD1799}.NugetDistribution|x64.Build.0 = Release|x64
		{263A8216-FA39-4CD8-9350-E27CA8AD1799}.Release|Any CPU.ActiveCfg = Release|Any CPU
		{263A8216-FA39-4CD8-9350-E27CA8AD1799}.Release|Any CPU.Build.0 = Release|Any CPU
		{263A8216-FA39-4CD8-9350-E27CA8AD1799}.Release|Mixed Platforms.ActiveCfg = Release|Any CPU
		{263A8216-FA39-4CD8-9350-E27CA8AD1799}.Release|Mixed Platforms.Build.0 = Release|Any CPU
		{263A8216-FA39-4CD8-9350-E27CA8AD1799}.Release|x64.ActiveCfg = Release|x64
		{263A8216-FA39-4CD8-9350-E27CA8AD1799}.Release|x64.Build.0 = Release|x64
		{263A8216-FA39-4CD8-9350-E27CA8AD1799}.ReleaseWithPDB|Any CPU.ActiveCfg = ReleaseWithPDB|Any CPU
		{263A8216-FA39-4CD8-9350-E27CA8AD1799}.ReleaseWithPDB|Any CPU.Build.0 = ReleaseWithPDB|Any CPU
		{263A8216-FA39-4CD8-9350-E27CA8AD1799}.ReleaseWithPDB|Mixed Platforms.ActiveCfg = ReleaseWithPDB|Any CPU
		{263A8216-FA39-4CD8-9350-E27CA8AD1799}.ReleaseWithPDB|Mixed Platforms.Build.0 = ReleaseWithPDB|Any CPU
		{263A8216-FA39-4CD8-9350-E27CA8AD1799}.ReleaseWithPDB|x64.ActiveCfg = ReleaseWithPDB|x64
		{263A8216-FA39-4CD8-9350-E27CA8AD1799}.ReleaseWithPDB|x64.Build.0 = ReleaseWithPDB|x64
		{B5D96010-3E00-4728-AE57-1496A5E9BC72}.Debug|Any CPU.ActiveCfg = Debug|Any CPU
		{B5D96010-3E00-4728-AE57-1496A5E9BC72}.Debug|Any CPU.Build.0 = Debug|Any CPU
		{B5D96010-3E00-4728-AE57-1496A5E9BC72}.Debug|Mixed Platforms.ActiveCfg = Debug|x64
		{B5D96010-3E00-4728-AE57-1496A5E9BC72}.Debug|Mixed Platforms.Build.0 = Debug|x64
		{B5D96010-3E00-4728-AE57-1496A5E9BC72}.Debug|x64.ActiveCfg = Debug|x64
		{B5D96010-3E00-4728-AE57-1496A5E9BC72}.Debug|x64.Build.0 = Debug|x64
		{B5D96010-3E00-4728-AE57-1496A5E9BC72}.NugetDistribution|Any CPU.ActiveCfg = Release|Any CPU
		{B5D96010-3E00-4728-AE57-1496A5E9BC72}.NugetDistribution|Any CPU.Build.0 = Release|Any CPU
		{B5D96010-3E00-4728-AE57-1496A5E9BC72}.NugetDistribution|Mixed Platforms.ActiveCfg = Release|Any CPU
		{B5D96010-3E00-4728-AE57-1496A5E9BC72}.NugetDistribution|Mixed Platforms.Build.0 = Release|Any CPU
		{B5D96010-3E00-4728-AE57-1496A5E9BC72}.NugetDistribution|x64.ActiveCfg = Release|x64
		{B5D96010-3E00-4728-AE57-1496A5E9BC72}.NugetDistribution|x64.Build.0 = Release|x64
		{B5D96010-3E00-4728-AE57-1496A5E9BC72}.Release|Any CPU.ActiveCfg = Release|Any CPU
		{B5D96010-3E00-4728-AE57-1496A5E9BC72}.Release|Any CPU.Build.0 = Release|Any CPU
		{B5D96010-3E00-4728-AE57-1496A5E9BC72}.Release|Mixed Platforms.ActiveCfg = Release|Any CPU
		{B5D96010-3E00-4728-AE57-1496A5E9BC72}.Release|Mixed Platforms.Build.0 = Release|Any CPU
		{B5D96010-3E00-4728-AE57-1496A5E9BC72}.Release|x64.ActiveCfg = Release|x64
		{B5D96010-3E00-4728-AE57-1496A5E9BC72}.Release|x64.Build.0 = Release|x64
		{B5D96010-3E00-4728-AE57-1496A5E9BC72}.ReleaseWithPDB|Any CPU.ActiveCfg = ReleaseWithPDB|Any CPU
		{B5D96010-3E00-4728-AE57-1496A5E9BC72}.ReleaseWithPDB|Any CPU.Build.0 = ReleaseWithPDB|Any CPU
		{B5D96010-3E00-4728-AE57-1496A5E9BC72}.ReleaseWithPDB|Mixed Platforms.ActiveCfg = ReleaseWithPDB|Any CPU
		{B5D96010-3E00-4728-AE57-1496A5E9BC72}.ReleaseWithPDB|Mixed Platforms.Build.0 = ReleaseWithPDB|Any CPU
		{B5D96010-3E00-4728-AE57-1496A5E9BC72}.ReleaseWithPDB|x64.ActiveCfg = ReleaseWithPDB|x64
		{B5D96010-3E00-4728-AE57-1496A5E9BC72}.ReleaseWithPDB|x64.Build.0 = ReleaseWithPDB|x64
		{571C1A04-3D2F-43C4-9BBC-E42A19FF2397}.Debug|Any CPU.ActiveCfg = Debug|Any CPU
		{571C1A04-3D2F-43C4-9BBC-E42A19FF2397}.Debug|Any CPU.Build.0 = Debug|Any CPU
		{571C1A04-3D2F-43C4-9BBC-E42A19FF2397}.Debug|Mixed Platforms.ActiveCfg = Debug|x64
		{571C1A04-3D2F-43C4-9BBC-E42A19FF2397}.Debug|Mixed Platforms.Build.0 = Debug|x64
		{571C1A04-3D2F-43C4-9BBC-E42A19FF2397}.Debug|x64.ActiveCfg = Debug|x64
		{571C1A04-3D2F-43C4-9BBC-E42A19FF2397}.Debug|x64.Build.0 = Debug|x64
		{571C1A04-3D2F-43C4-9BBC-E42A19FF2397}.NugetDistribution|Any CPU.ActiveCfg = Release|Any CPU
		{571C1A04-3D2F-43C4-9BBC-E42A19FF2397}.NugetDistribution|Any CPU.Build.0 = Release|Any CPU
		{571C1A04-3D2F-43C4-9BBC-E42A19FF2397}.NugetDistribution|Mixed Platforms.ActiveCfg = Release|Any CPU
		{571C1A04-3D2F-43C4-9BBC-E42A19FF2397}.NugetDistribution|Mixed Platforms.Build.0 = Release|Any CPU
		{571C1A04-3D2F-43C4-9BBC-E42A19FF2397}.NugetDistribution|x64.ActiveCfg = Release|x64
		{571C1A04-3D2F-43C4-9BBC-E42A19FF2397}.NugetDistribution|x64.Build.0 = Release|x64
		{571C1A04-3D2F-43C4-9BBC-E42A19FF2397}.Release|Any CPU.ActiveCfg = Release|Any CPU
		{571C1A04-3D2F-43C4-9BBC-E42A19FF2397}.Release|Any CPU.Build.0 = Release|Any CPU
		{571C1A04-3D2F-43C4-9BBC-E42A19FF2397}.Release|Mixed Platforms.ActiveCfg = Release|Any CPU
		{571C1A04-3D2F-43C4-9BBC-E42A19FF2397}.Release|Mixed Platforms.Build.0 = Release|Any CPU
		{571C1A04-3D2F-43C4-9BBC-E42A19FF2397}.Release|x64.ActiveCfg = Release|x64
		{571C1A04-3D2F-43C4-9BBC-E42A19FF2397}.Release|x64.Build.0 = Release|x64
		{571C1A04-3D2F-43C4-9BBC-E42A19FF2397}.ReleaseWithPDB|Any CPU.ActiveCfg = ReleaseWithPDB|Any CPU
		{571C1A04-3D2F-43C4-9BBC-E42A19FF2397}.ReleaseWithPDB|Any CPU.Build.0 = ReleaseWithPDB|Any CPU
		{571C1A04-3D2F-43C4-9BBC-E42A19FF2397}.ReleaseWithPDB|Mixed Platforms.ActiveCfg = ReleaseWithPDB|Any CPU
		{571C1A04-3D2F-43C4-9BBC-E42A19FF2397}.ReleaseWithPDB|Mixed Platforms.Build.0 = ReleaseWithPDB|Any CPU
		{571C1A04-3D2F-43C4-9BBC-E42A19FF2397}.ReleaseWithPDB|x64.ActiveCfg = ReleaseWithPDB|x64
		{571C1A04-3D2F-43C4-9BBC-E42A19FF2397}.ReleaseWithPDB|x64.Build.0 = ReleaseWithPDB|x64
		{C435BA8A-CE7F-446F-BA2E-6E745EE836AF}.Debug|Any CPU.ActiveCfg = Debug|Any CPU
		{C435BA8A-CE7F-446F-BA2E-6E745EE836AF}.Debug|Any CPU.Build.0 = Debug|Any CPU
		{C435BA8A-CE7F-446F-BA2E-6E745EE836AF}.Debug|Mixed Platforms.ActiveCfg = Debug|Any CPU
		{C435BA8A-CE7F-446F-BA2E-6E745EE836AF}.Debug|Mixed Platforms.Build.0 = Debug|Any CPU
		{C435BA8A-CE7F-446F-BA2E-6E745EE836AF}.Debug|x64.ActiveCfg = Debug|x64
		{C435BA8A-CE7F-446F-BA2E-6E745EE836AF}.Debug|x64.Build.0 = Debug|x64
		{C435BA8A-CE7F-446F-BA2E-6E745EE836AF}.NugetDistribution|Any CPU.ActiveCfg = Release|Any CPU
		{C435BA8A-CE7F-446F-BA2E-6E745EE836AF}.NugetDistribution|Any CPU.Build.0 = Release|Any CPU
		{C435BA8A-CE7F-446F-BA2E-6E745EE836AF}.NugetDistribution|Mixed Platforms.ActiveCfg = Release|Any CPU
		{C435BA8A-CE7F-446F-BA2E-6E745EE836AF}.NugetDistribution|Mixed Platforms.Build.0 = Release|Any CPU
		{C435BA8A-CE7F-446F-BA2E-6E745EE836AF}.NugetDistribution|x64.ActiveCfg = Release|x64
		{C435BA8A-CE7F-446F-BA2E-6E745EE836AF}.NugetDistribution|x64.Build.0 = Release|x64
		{C435BA8A-CE7F-446F-BA2E-6E745EE836AF}.Release|Any CPU.ActiveCfg = Release|Any CPU
		{C435BA8A-CE7F-446F-BA2E-6E745EE836AF}.Release|Any CPU.Build.0 = Release|Any CPU
		{C435BA8A-CE7F-446F-BA2E-6E745EE836AF}.Release|Mixed Platforms.ActiveCfg = Release|Any CPU
		{C435BA8A-CE7F-446F-BA2E-6E745EE836AF}.Release|Mixed Platforms.Build.0 = Release|Any CPU
		{C435BA8A-CE7F-446F-BA2E-6E745EE836AF}.Release|x64.ActiveCfg = Release|x64
		{C435BA8A-CE7F-446F-BA2E-6E745EE836AF}.Release|x64.Build.0 = Release|x64
		{C435BA8A-CE7F-446F-BA2E-6E745EE836AF}.ReleaseWithPDB|Any CPU.ActiveCfg = ReleaseWithPDB|Any CPU
		{C435BA8A-CE7F-446F-BA2E-6E745EE836AF}.ReleaseWithPDB|Any CPU.Build.0 = ReleaseWithPDB|Any CPU
		{C435BA8A-CE7F-446F-BA2E-6E745EE836AF}.ReleaseWithPDB|Mixed Platforms.ActiveCfg = ReleaseWithPDB|Any CPU
		{C435BA8A-CE7F-446F-BA2E-6E745EE836AF}.ReleaseWithPDB|Mixed Platforms.Build.0 = ReleaseWithPDB|Any CPU
		{C435BA8A-CE7F-446F-BA2E-6E745EE836AF}.ReleaseWithPDB|x64.ActiveCfg = ReleaseWithPDB|x64
		{C435BA8A-CE7F-446F-BA2E-6E745EE836AF}.ReleaseWithPDB|x64.Build.0 = ReleaseWithPDB|x64
		{179CD0ED-DA22-4D61-BE50-E4A02ADD07D4}.Debug|Any CPU.ActiveCfg = Debug|Any CPU
		{179CD0ED-DA22-4D61-BE50-E4A02ADD07D4}.Debug|Any CPU.Build.0 = Debug|Any CPU
		{179CD0ED-DA22-4D61-BE50-E4A02ADD07D4}.Debug|Mixed Platforms.ActiveCfg = Debug|Any CPU
		{179CD0ED-DA22-4D61-BE50-E4A02ADD07D4}.Debug|Mixed Platforms.Build.0 = Debug|Any CPU
		{179CD0ED-DA22-4D61-BE50-E4A02ADD07D4}.Debug|x64.ActiveCfg = Debug|x64
		{179CD0ED-DA22-4D61-BE50-E4A02ADD07D4}.Debug|x64.Build.0 = Debug|x64
		{179CD0ED-DA22-4D61-BE50-E4A02ADD07D4}.NugetDistribution|Any CPU.ActiveCfg = Release|Any CPU
		{179CD0ED-DA22-4D61-BE50-E4A02ADD07D4}.NugetDistribution|Any CPU.Build.0 = Release|Any CPU
		{179CD0ED-DA22-4D61-BE50-E4A02ADD07D4}.NugetDistribution|Mixed Platforms.ActiveCfg = Release|Any CPU
		{179CD0ED-DA22-4D61-BE50-E4A02ADD07D4}.NugetDistribution|Mixed Platforms.Build.0 = Release|Any CPU
		{179CD0ED-DA22-4D61-BE50-E4A02ADD07D4}.NugetDistribution|x64.ActiveCfg = Release|Any CPU
		{179CD0ED-DA22-4D61-BE50-E4A02ADD07D4}.Release|Any CPU.ActiveCfg = Release|Any CPU
		{179CD0ED-DA22-4D61-BE50-E4A02ADD07D4}.Release|Any CPU.Build.0 = Release|Any CPU
		{179CD0ED-DA22-4D61-BE50-E4A02ADD07D4}.Release|Mixed Platforms.ActiveCfg = Release|Any CPU
		{179CD0ED-DA22-4D61-BE50-E4A02ADD07D4}.Release|Mixed Platforms.Build.0 = Release|Any CPU
		{179CD0ED-DA22-4D61-BE50-E4A02ADD07D4}.Release|x64.ActiveCfg = Release|x64
		{179CD0ED-DA22-4D61-BE50-E4A02ADD07D4}.Release|x64.Build.0 = Release|x64
		{179CD0ED-DA22-4D61-BE50-E4A02ADD07D4}.ReleaseWithPDB|Any CPU.ActiveCfg = ReleaseWithPDB|Any CPU
		{179CD0ED-DA22-4D61-BE50-E4A02ADD07D4}.ReleaseWithPDB|Any CPU.Build.0 = ReleaseWithPDB|Any CPU
		{179CD0ED-DA22-4D61-BE50-E4A02ADD07D4}.ReleaseWithPDB|Mixed Platforms.ActiveCfg = ReleaseWithPDB|Any CPU
		{179CD0ED-DA22-4D61-BE50-E4A02ADD07D4}.ReleaseWithPDB|Mixed Platforms.Build.0 = ReleaseWithPDB|Any CPU
		{179CD0ED-DA22-4D61-BE50-E4A02ADD07D4}.ReleaseWithPDB|x64.ActiveCfg = ReleaseWithPDB|x64
		{179CD0ED-DA22-4D61-BE50-E4A02ADD07D4}.ReleaseWithPDB|x64.Build.0 = ReleaseWithPDB|x64
		{4D67E703-9EBD-489D-80FB-06514B98CB88}.Debug|Any CPU.ActiveCfg = Debug|Any CPU
		{4D67E703-9EBD-489D-80FB-06514B98CB88}.Debug|Any CPU.Build.0 = Debug|Any CPU
		{4D67E703-9EBD-489D-80FB-06514B98CB88}.Debug|Mixed Platforms.ActiveCfg = Debug|Any CPU
		{4D67E703-9EBD-489D-80FB-06514B98CB88}.Debug|Mixed Platforms.Build.0 = Debug|Any CPU
		{4D67E703-9EBD-489D-80FB-06514B98CB88}.Debug|x64.ActiveCfg = Debug|x64
		{4D67E703-9EBD-489D-80FB-06514B98CB88}.Debug|x64.Build.0 = Debug|x64
		{4D67E703-9EBD-489D-80FB-06514B98CB88}.NugetDistribution|Any CPU.ActiveCfg = Release|Any CPU
		{4D67E703-9EBD-489D-80FB-06514B98CB88}.NugetDistribution|Any CPU.Build.0 = Release|Any CPU
		{4D67E703-9EBD-489D-80FB-06514B98CB88}.NugetDistribution|Mixed Platforms.ActiveCfg = Release|Any CPU
		{4D67E703-9EBD-489D-80FB-06514B98CB88}.NugetDistribution|Mixed Platforms.Build.0 = Release|Any CPU
		{4D67E703-9EBD-489D-80FB-06514B98CB88}.NugetDistribution|x64.ActiveCfg = Release|Any CPU
		{4D67E703-9EBD-489D-80FB-06514B98CB88}.Release|Any CPU.ActiveCfg = Release|Any CPU
		{4D67E703-9EBD-489D-80FB-06514B98CB88}.Release|Any CPU.Build.0 = Release|Any CPU
		{4D67E703-9EBD-489D-80FB-06514B98CB88}.Release|Mixed Platforms.ActiveCfg = Release|Any CPU
		{4D67E703-9EBD-489D-80FB-06514B98CB88}.Release|Mixed Platforms.Build.0 = Release|Any CPU
		{4D67E703-9EBD-489D-80FB-06514B98CB88}.Release|x64.ActiveCfg = Release|x64
		{4D67E703-9EBD-489D-80FB-06514B98CB88}.Release|x64.Build.0 = Release|x64
		{4D67E703-9EBD-489D-80FB-06514B98CB88}.ReleaseWithPDB|Any CPU.ActiveCfg = ReleaseWithPDB|Any CPU
		{4D67E703-9EBD-489D-80FB-06514B98CB88}.ReleaseWithPDB|Any CPU.Build.0 = ReleaseWithPDB|Any CPU
		{4D67E703-9EBD-489D-80FB-06514B98CB88}.ReleaseWithPDB|Mixed Platforms.ActiveCfg = ReleaseWithPDB|Any CPU
		{4D67E703-9EBD-489D-80FB-06514B98CB88}.ReleaseWithPDB|Mixed Platforms.Build.0 = ReleaseWithPDB|Any CPU
		{4D67E703-9EBD-489D-80FB-06514B98CB88}.ReleaseWithPDB|x64.ActiveCfg = ReleaseWithPDB|x64
		{4D67E703-9EBD-489D-80FB-06514B98CB88}.ReleaseWithPDB|x64.Build.0 = ReleaseWithPDB|x64
		{5B8D6A1D-BAB3-4AA8-B203-2EF1032FAC17}.Debug|Any CPU.ActiveCfg = Debug|Any CPU
		{5B8D6A1D-BAB3-4AA8-B203-2EF1032FAC17}.Debug|Any CPU.Build.0 = Debug|Any CPU
		{5B8D6A1D-BAB3-4AA8-B203-2EF1032FAC17}.Debug|Mixed Platforms.ActiveCfg = Debug|Any CPU
		{5B8D6A1D-BAB3-4AA8-B203-2EF1032FAC17}.Debug|Mixed Platforms.Build.0 = Debug|Any CPU
		{5B8D6A1D-BAB3-4AA8-B203-2EF1032FAC17}.Debug|x64.ActiveCfg = Debug|x64
		{5B8D6A1D-BAB3-4AA8-B203-2EF1032FAC17}.Debug|x64.Build.0 = Debug|x64
		{5B8D6A1D-BAB3-4AA8-B203-2EF1032FAC17}.NugetDistribution|Any CPU.ActiveCfg = Release|Any CPU
		{5B8D6A1D-BAB3-4AA8-B203-2EF1032FAC17}.NugetDistribution|Any CPU.Build.0 = Release|Any CPU
		{5B8D6A1D-BAB3-4AA8-B203-2EF1032FAC17}.NugetDistribution|Mixed Platforms.ActiveCfg = Release|Any CPU
		{5B8D6A1D-BAB3-4AA8-B203-2EF1032FAC17}.NugetDistribution|Mixed Platforms.Build.0 = Release|Any CPU
		{5B8D6A1D-BAB3-4AA8-B203-2EF1032FAC17}.NugetDistribution|x64.ActiveCfg = Release|Any CPU
		{5B8D6A1D-BAB3-4AA8-B203-2EF1032FAC17}.NugetDistribution|x64.Build.0 = Release|Any CPU
		{5B8D6A1D-BAB3-4AA8-B203-2EF1032FAC17}.Release|Any CPU.ActiveCfg = Release|Any CPU
		{5B8D6A1D-BAB3-4AA8-B203-2EF1032FAC17}.Release|Any CPU.Build.0 = Release|Any CPU
		{5B8D6A1D-BAB3-4AA8-B203-2EF1032FAC17}.Release|Mixed Platforms.ActiveCfg = Release|Any CPU
		{5B8D6A1D-BAB3-4AA8-B203-2EF1032FAC17}.Release|Mixed Platforms.Build.0 = Release|Any CPU
		{5B8D6A1D-BAB3-4AA8-B203-2EF1032FAC17}.Release|x64.ActiveCfg = Release|x64
		{5B8D6A1D-BAB3-4AA8-B203-2EF1032FAC17}.Release|x64.Build.0 = Release|x64
		{5B8D6A1D-BAB3-4AA8-B203-2EF1032FAC17}.ReleaseWithPDB|Any CPU.ActiveCfg = ReleaseWithPDB|Any CPU
		{5B8D6A1D-BAB3-4AA8-B203-2EF1032FAC17}.ReleaseWithPDB|Any CPU.Build.0 = ReleaseWithPDB|Any CPU
		{5B8D6A1D-BAB3-4AA8-B203-2EF1032FAC17}.ReleaseWithPDB|Mixed Platforms.ActiveCfg = ReleaseWithPDB|Any CPU
		{5B8D6A1D-BAB3-4AA8-B203-2EF1032FAC17}.ReleaseWithPDB|Mixed Platforms.Build.0 = ReleaseWithPDB|Any CPU
		{5B8D6A1D-BAB3-4AA8-B203-2EF1032FAC17}.ReleaseWithPDB|x64.ActiveCfg = ReleaseWithPDB|x64
		{5B8D6A1D-BAB3-4AA8-B203-2EF1032FAC17}.ReleaseWithPDB|x64.Build.0 = ReleaseWithPDB|x64
		{6DE73A7B-1C3B-494D-868C-66C43EB43C3D}.Debug|Any CPU.ActiveCfg = Debug|Any CPU
		{6DE73A7B-1C3B-494D-868C-66C43EB43C3D}.Debug|Any CPU.Build.0 = Debug|Any CPU
		{6DE73A7B-1C3B-494D-868C-66C43EB43C3D}.Debug|Mixed Platforms.ActiveCfg = Debug|Any CPU
		{6DE73A7B-1C3B-494D-868C-66C43EB43C3D}.Debug|Mixed Platforms.Build.0 = Debug|Any CPU
		{6DE73A7B-1C3B-494D-868C-66C43EB43C3D}.Debug|x64.ActiveCfg = Debug|x64
		{6DE73A7B-1C3B-494D-868C-66C43EB43C3D}.Debug|x64.Build.0 = Debug|x64
		{6DE73A7B-1C3B-494D-868C-66C43EB43C3D}.NugetDistribution|Any CPU.ActiveCfg = Release|Any CPU
		{6DE73A7B-1C3B-494D-868C-66C43EB43C3D}.NugetDistribution|Any CPU.Build.0 = Release|Any CPU
		{6DE73A7B-1C3B-494D-868C-66C43EB43C3D}.NugetDistribution|Mixed Platforms.ActiveCfg = Release|Any CPU
		{6DE73A7B-1C3B-494D-868C-66C43EB43C3D}.NugetDistribution|Mixed Platforms.Build.0 = Release|Any CPU
		{6DE73A7B-1C3B-494D-868C-66C43EB43C3D}.NugetDistribution|x64.ActiveCfg = Release|x64
		{6DE73A7B-1C3B-494D-868C-66C43EB43C3D}.NugetDistribution|x64.Build.0 = Release|x64
		{6DE73A7B-1C3B-494D-868C-66C43EB43C3D}.Release|Any CPU.ActiveCfg = Release|Any CPU
		{6DE73A7B-1C3B-494D-868C-66C43EB43C3D}.Release|Any CPU.Build.0 = Release|Any CPU
		{6DE73A7B-1C3B-494D-868C-66C43EB43C3D}.Release|Mixed Platforms.ActiveCfg = Release|Any CPU
		{6DE73A7B-1C3B-494D-868C-66C43EB43C3D}.Release|Mixed Platforms.Build.0 = Release|Any CPU
		{6DE73A7B-1C3B-494D-868C-66C43EB43C3D}.Release|x64.ActiveCfg = Release|x64
		{6DE73A7B-1C3B-494D-868C-66C43EB43C3D}.Release|x64.Build.0 = Release|x64
		{6DE73A7B-1C3B-494D-868C-66C43EB43C3D}.ReleaseWithPDB|Any CPU.ActiveCfg = ReleaseWithPDB|Any CPU
		{6DE73A7B-1C3B-494D-868C-66C43EB43C3D}.ReleaseWithPDB|Any CPU.Build.0 = ReleaseWithPDB|Any CPU
		{6DE73A7B-1C3B-494D-868C-66C43EB43C3D}.ReleaseWithPDB|Mixed Platforms.ActiveCfg = ReleaseWithPDB|Any CPU
		{6DE73A7B-1C3B-494D-868C-66C43EB43C3D}.ReleaseWithPDB|Mixed Platforms.Build.0 = ReleaseWithPDB|Any CPU
		{6DE73A7B-1C3B-494D-868C-66C43EB43C3D}.ReleaseWithPDB|x64.ActiveCfg = ReleaseWithPDB|x64
		{6DE73A7B-1C3B-494D-868C-66C43EB43C3D}.ReleaseWithPDB|x64.Build.0 = ReleaseWithPDB|x64
		{DF48237B-5225-45C2-88E3-BEF1BD4A2852}.Debug|Any CPU.ActiveCfg = Debug|Any CPU
		{DF48237B-5225-45C2-88E3-BEF1BD4A2852}.Debug|Any CPU.Build.0 = Debug|Any CPU
		{DF48237B-5225-45C2-88E3-BEF1BD4A2852}.Debug|Mixed Platforms.ActiveCfg = Debug|Any CPU
		{DF48237B-5225-45C2-88E3-BEF1BD4A2852}.Debug|Mixed Platforms.Build.0 = Debug|Any CPU
		{DF48237B-5225-45C2-88E3-BEF1BD4A2852}.Debug|x64.ActiveCfg = Debug|x64
		{DF48237B-5225-45C2-88E3-BEF1BD4A2852}.Debug|x64.Build.0 = Debug|x64
		{DF48237B-5225-45C2-88E3-BEF1BD4A2852}.NugetDistribution|Any CPU.ActiveCfg = ReleaseWithPDB|Any CPU
		{DF48237B-5225-45C2-88E3-BEF1BD4A2852}.NugetDistribution|Any CPU.Build.0 = ReleaseWithPDB|Any CPU
		{DF48237B-5225-45C2-88E3-BEF1BD4A2852}.NugetDistribution|Mixed Platforms.ActiveCfg = ReleaseWithPDB|Any CPU
		{DF48237B-5225-45C2-88E3-BEF1BD4A2852}.NugetDistribution|Mixed Platforms.Build.0 = ReleaseWithPDB|Any CPU
		{DF48237B-5225-45C2-88E3-BEF1BD4A2852}.NugetDistribution|x64.ActiveCfg = ReleaseWithPDB|x64
		{DF48237B-5225-45C2-88E3-BEF1BD4A2852}.NugetDistribution|x64.Build.0 = ReleaseWithPDB|x64
		{DF48237B-5225-45C2-88E3-BEF1BD4A2852}.Release|Any CPU.ActiveCfg = Release|Any CPU
		{DF48237B-5225-45C2-88E3-BEF1BD4A2852}.Release|Any CPU.Build.0 = Release|Any CPU
		{DF48237B-5225-45C2-88E3-BEF1BD4A2852}.Release|Mixed Platforms.ActiveCfg = Release|Any CPU
		{DF48237B-5225-45C2-88E3-BEF1BD4A2852}.Release|Mixed Platforms.Build.0 = Release|Any CPU
		{DF48237B-5225-45C2-88E3-BEF1BD4A2852}.Release|x64.ActiveCfg = Release|x64
		{DF48237B-5225-45C2-88E3-BEF1BD4A2852}.Release|x64.Build.0 = Release|x64
		{DF48237B-5225-45C2-88E3-BEF1BD4A2852}.ReleaseWithPDB|Any CPU.ActiveCfg = ReleaseWithPDB|Any CPU
		{DF48237B-5225-45C2-88E3-BEF1BD4A2852}.ReleaseWithPDB|Any CPU.Build.0 = ReleaseWithPDB|Any CPU
		{DF48237B-5225-45C2-88E3-BEF1BD4A2852}.ReleaseWithPDB|Mixed Platforms.ActiveCfg = ReleaseWithPDB|Any CPU
		{DF48237B-5225-45C2-88E3-BEF1BD4A2852}.ReleaseWithPDB|Mixed Platforms.Build.0 = ReleaseWithPDB|Any CPU
		{DF48237B-5225-45C2-88E3-BEF1BD4A2852}.ReleaseWithPDB|x64.ActiveCfg = ReleaseWithPDB|x64
		{DF48237B-5225-45C2-88E3-BEF1BD4A2852}.ReleaseWithPDB|x64.Build.0 = ReleaseWithPDB|x64
		{4FDC3B61-1B59-45D8-8B4F-C65288560C13}.Debug|Any CPU.ActiveCfg = Debug|Any CPU
		{4FDC3B61-1B59-45D8-8B4F-C65288560C13}.Debug|Any CPU.Build.0 = Debug|Any CPU
		{4FDC3B61-1B59-45D8-8B4F-C65288560C13}.Debug|Mixed Platforms.ActiveCfg = Debug|Any CPU
		{4FDC3B61-1B59-45D8-8B4F-C65288560C13}.Debug|Mixed Platforms.Build.0 = Debug|Any CPU
		{4FDC3B61-1B59-45D8-8B4F-C65288560C13}.Debug|x64.ActiveCfg = Debug|Any CPU
		{4FDC3B61-1B59-45D8-8B4F-C65288560C13}.Debug|x64.Build.0 = Debug|Any CPU
		{4FDC3B61-1B59-45D8-8B4F-C65288560C13}.NugetDistribution|Any CPU.ActiveCfg = Release|Any CPU
		{4FDC3B61-1B59-45D8-8B4F-C65288560C13}.NugetDistribution|Any CPU.Build.0 = Release|Any CPU
		{4FDC3B61-1B59-45D8-8B4F-C65288560C13}.NugetDistribution|Mixed Platforms.ActiveCfg = Release|Any CPU
		{4FDC3B61-1B59-45D8-8B4F-C65288560C13}.NugetDistribution|Mixed Platforms.Build.0 = Release|Any CPU
		{4FDC3B61-1B59-45D8-8B4F-C65288560C13}.NugetDistribution|x64.ActiveCfg = Release|Any CPU
		{4FDC3B61-1B59-45D8-8B4F-C65288560C13}.NugetDistribution|x64.Build.0 = Release|Any CPU
		{4FDC3B61-1B59-45D8-8B4F-C65288560C13}.Release|Any CPU.ActiveCfg = Release|Any CPU
		{4FDC3B61-1B59-45D8-8B4F-C65288560C13}.Release|Any CPU.Build.0 = Release|Any CPU
		{4FDC3B61-1B59-45D8-8B4F-C65288560C13}.Release|Mixed Platforms.ActiveCfg = Release|Any CPU
		{4FDC3B61-1B59-45D8-8B4F-C65288560C13}.Release|Mixed Platforms.Build.0 = Release|Any CPU
		{4FDC3B61-1B59-45D8-8B4F-C65288560C13}.Release|x64.ActiveCfg = Release|Any CPU
		{4FDC3B61-1B59-45D8-8B4F-C65288560C13}.Release|x64.Build.0 = Release|Any CPU
		{4FDC3B61-1B59-45D8-8B4F-C65288560C13}.ReleaseWithPDB|Any CPU.ActiveCfg = Release|Any CPU
		{4FDC3B61-1B59-45D8-8B4F-C65288560C13}.ReleaseWithPDB|Any CPU.Build.0 = Release|Any CPU
		{4FDC3B61-1B59-45D8-8B4F-C65288560C13}.ReleaseWithPDB|Mixed Platforms.ActiveCfg = Release|Any CPU
		{4FDC3B61-1B59-45D8-8B4F-C65288560C13}.ReleaseWithPDB|Mixed Platforms.Build.0 = Release|Any CPU
		{4FDC3B61-1B59-45D8-8B4F-C65288560C13}.ReleaseWithPDB|x64.ActiveCfg = Release|Any CPU
		{4FDC3B61-1B59-45D8-8B4F-C65288560C13}.ReleaseWithPDB|x64.Build.0 = Release|Any CPU
		{7642CB36-5718-429D-93D7-1E106D3FFD3E}.Debug|Any CPU.ActiveCfg = Debug|Any CPU
		{7642CB36-5718-429D-93D7-1E106D3FFD3E}.Debug|Any CPU.Build.0 = Debug|Any CPU
		{7642CB36-5718-429D-93D7-1E106D3FFD3E}.Debug|Mixed Platforms.ActiveCfg = Debug|Any CPU
		{7642CB36-5718-429D-93D7-1E106D3FFD3E}.Debug|Mixed Platforms.Build.0 = Debug|Any CPU
		{7642CB36-5718-429D-93D7-1E106D3FFD3E}.Debug|x64.ActiveCfg = Debug|Any CPU
		{7642CB36-5718-429D-93D7-1E106D3FFD3E}.Debug|x64.Build.0 = Debug|Any CPU
		{7642CB36-5718-429D-93D7-1E106D3FFD3E}.NugetDistribution|Any CPU.ActiveCfg = Release|Any CPU
		{7642CB36-5718-429D-93D7-1E106D3FFD3E}.NugetDistribution|Any CPU.Build.0 = Release|Any CPU
		{7642CB36-5718-429D-93D7-1E106D3FFD3E}.NugetDistribution|Mixed Platforms.ActiveCfg = Release|Any CPU
		{7642CB36-5718-429D-93D7-1E106D3FFD3E}.NugetDistribution|Mixed Platforms.Build.0 = Release|Any CPU
		{7642CB36-5718-429D-93D7-1E106D3FFD3E}.NugetDistribution|x64.ActiveCfg = Release|Any CPU
		{7642CB36-5718-429D-93D7-1E106D3FFD3E}.NugetDistribution|x64.Build.0 = Release|Any CPU
		{7642CB36-5718-429D-93D7-1E106D3FFD3E}.Release|Any CPU.ActiveCfg = Release|Any CPU
		{7642CB36-5718-429D-93D7-1E106D3FFD3E}.Release|Any CPU.Build.0 = Release|Any CPU
		{7642CB36-5718-429D-93D7-1E106D3FFD3E}.Release|Mixed Platforms.ActiveCfg = Release|Any CPU
		{7642CB36-5718-429D-93D7-1E106D3FFD3E}.Release|Mixed Platforms.Build.0 = Release|Any CPU
		{7642CB36-5718-429D-93D7-1E106D3FFD3E}.Release|x64.ActiveCfg = Release|Any CPU
		{7642CB36-5718-429D-93D7-1E106D3FFD3E}.Release|x64.Build.0 = Release|Any CPU
		{7642CB36-5718-429D-93D7-1E106D3FFD3E}.ReleaseWithPDB|Any CPU.ActiveCfg = Release|Any CPU
		{7642CB36-5718-429D-93D7-1E106D3FFD3E}.ReleaseWithPDB|Any CPU.Build.0 = Release|Any CPU
		{7642CB36-5718-429D-93D7-1E106D3FFD3E}.ReleaseWithPDB|Mixed Platforms.ActiveCfg = Release|Any CPU
		{7642CB36-5718-429D-93D7-1E106D3FFD3E}.ReleaseWithPDB|Mixed Platforms.Build.0 = Release|Any CPU
		{7642CB36-5718-429D-93D7-1E106D3FFD3E}.ReleaseWithPDB|x64.ActiveCfg = Release|Any CPU
		{7642CB36-5718-429D-93D7-1E106D3FFD3E}.ReleaseWithPDB|x64.Build.0 = Release|Any CPU
	EndGlobalSection
	GlobalSection(SolutionProperties) = preSolution
		HideSolutionNode = FALSE
	EndGlobalSection
	GlobalSection(NestedProjects) = preSolution
		{6BAFBB4A-44A8-4B24-91EE-A429EEB03246} = {0E5E23D6-ECCE-4575-9BB1-1666D1B0A106}
		{263A8216-FA39-4CD8-9350-E27CA8AD1799} = {7ECDCF15-95BB-4D2B-8C0D-8615D6E3BAB1}
		{B5D96010-3E00-4728-AE57-1496A5E9BC72} = {0E5E23D6-ECCE-4575-9BB1-1666D1B0A106}
		{571C1A04-3D2F-43C4-9BBC-E42A19FF2397} = {0E5E23D6-ECCE-4575-9BB1-1666D1B0A106}
		{C435BA8A-CE7F-446F-BA2E-6E745EE836AF} = {7ECDCF15-95BB-4D2B-8C0D-8615D6E3BAB1}
		{179CD0ED-DA22-4D61-BE50-E4A02ADD07D4} = {0E5E23D6-ECCE-4575-9BB1-1666D1B0A106}
		{4D67E703-9EBD-489D-80FB-06514B98CB88} = {7ECDCF15-95BB-4D2B-8C0D-8615D6E3BAB1}
		{4FDC3B61-1B59-45D8-8B4F-C65288560C13} = {0E5E23D6-ECCE-4575-9BB1-1666D1B0A106}
		{7642CB36-5718-429D-93D7-1E106D3FFD3E} = {0E5E23D6-ECCE-4575-9BB1-1666D1B0A106}
	EndGlobalSection
	GlobalSection(TestCaseManagementSettings) = postSolution
		CategoryFile = XbimComplete.vsmdi
	EndGlobalSection
	GlobalSection(JSLint) = preSolution
		SolutionConfigurationLocation = JSLintOptions.xml
	EndGlobalSection
EndGlobal
