
Microsoft Visual Studio Solution File, Format Version 12.00
# Visual Studio 2013
VisualStudioVersion = 12.0.40629.0
MinimumVisualStudioVersion = 10.0.40219.1
Project("{2150E333-8FDC-42A3-9474-1A3956D46DE8}") = "Shared", "Shared", "{B5EDEE8A-69B9-47E5-8455-E1A9A7ED8969}"
	ProjectSection(SolutionItems) = preProject
		Xbim.ModelGeometry.OCC\Version.rc = Xbim.ModelGeometry.OCC\Version.rc
	EndProjectSection
EndProject
Project("{2150E333-8FDC-42A3-9474-1A3956D46DE8}") = "Samples", "Samples", "{0DA6263B-5A69-401E-99D0-391644EF4709}"
EndProject
Project("{2150E333-8FDC-42A3-9474-1A3956D46DE8}") = "Test", "Test", "{7ECDCF15-95BB-4D2B-8C0D-8615D6E3BAB1}"
	ProjectSection(SolutionItems) = preProject
		Local.testsettings = Local.testsettings
		Readme.txt = Readme.txt
		TraceAndTestImpact.testsettings = TraceAndTestImpact.testsettings
	EndProjectSection
EndProject
Project("{2150E333-8FDC-42A3-9474-1A3956D46DE8}") = "Solution Items", "Solution Items", "{25F1A002-D766-40FD-910C-D3E9DCC6FCBF}"
	ProjectSection(SolutionItems) = preProject
		JSLintOptions.xml = JSLintOptions.xml
		Local.testsettings = Local.testsettings
		Performance1.psess = Performance1.psess
		Performance2.psess = Performance2.psess
		Performance3.psess = Performance3.psess
		Performance4.psess = Performance4.psess
		Performance5.psess = Performance5.psess
		Performance6.psess = Performance6.psess
		Performance7.psess = Performance7.psess
		Readme.txt = Readme.txt
		TraceAndTestImpact.testsettings = TraceAndTestImpact.testsettings
		XbimComplete.vsmdi = XbimComplete.vsmdi
	EndProjectSection
EndProject
Project("{2150E333-8FDC-42A3-9474-1A3956D46DE8}") = "Licences", "Licences", "{E9E301F2-FE7D-4410-B88D-F83D684A8E62}"
	ProjectSection(SolutionItems) = preProject
		Licences\CDDL Licence.txt = Licences\CDDL Licence.txt
		Licences\MIT Licence.txt = Licences\MIT Licence.txt
		Licences\MS Permissive Licence.txt = Licences\MS Permissive Licence.txt
		Licences\NewBSD Licence.txt = Licences\NewBSD Licence.txt
		Licences\OPEN CASCADE Public Licence.txt = Licences\OPEN CASCADE Public Licence.txt
	EndProjectSection
EndProject
Project("{2150E333-8FDC-42A3-9474-1A3956D46DE8}") = "3rd Party", "3rd Party", "{10A2F674-DB37-41FF-AB71-9D54C8F0A5B6}"
	ProjectSection(SolutionItems) = preProject
		Licences\Apache2_0.txt = Licences\Apache2_0.txt
		Licences\CDDL Licence.txt = Licences\CDDL Licence.txt
		Licences\MIT Licence.txt = Licences\MIT Licence.txt
		Licences\MS Permissive Licence.txt = Licences\MS Permissive Licence.txt
		Licences\NewBSD Licence.txt = Licences\NewBSD Licence.txt
		Licences\OPEN CASCADE Public Licence.txt = Licences\OPEN CASCADE Public Licence.txt
	EndProjectSection
EndProject
Project("{FAE04EC0-301F-11D3-BF4B-00C04F79EFBC}") = "Xbim.IO", "Xbim.IO\Xbim.IO.csproj", "{85856DF2-C8AB-4120-8A8D-AE05D2696B51}"
EndProject
Project("{FAE04EC0-301F-11D3-BF4B-00C04F79EFBC}") = "XbimXplorer", "XbimXplorer\XbimXplorer.csproj", "{D6CED5D7-BE37-4A32-90A5-1444C9FFDD91}"
	ProjectSection(ProjectDependencies) = postProject
		{6BAFBB4A-44A8-4B24-91EE-A429EEB03246} = {6BAFBB4A-44A8-4B24-91EE-A429EEB03246}
	EndProjectSection
EndProject
Project("{FAE04EC0-301F-11D3-BF4B-00C04F79EFBC}") = "Xbim.ModelGeometry.Scene", "Xbim.ModelGeometry.Scene\Xbim.ModelGeometry.Scene.csproj", "{3D9D37DE-A254-4433-B172-7590CBD84C69}"
EndProject
Project("{FAE04EC0-301F-11D3-BF4B-00C04F79EFBC}") = "Xbim.DOM", "Xbim.DOM\Xbim.DOM.csproj", "{B0E3E6A5-119C-4EFE-9796-EE131B2E278A}"
EndProject
Project("{FAE04EC0-301F-11D3-BF4B-00C04F79EFBC}") = "Xbim.Common", "Xbim.Common\Xbim.Common.csproj", "{6745F5AC-AF3C-4372-81AA-A75E7B1FA03B}"
EndProject
Project("{FAE04EC0-301F-11D3-BF4B-00C04F79EFBC}") = "Xbim.SceneJSWebViewer", "Xbim.Web.SceneJSWebViewer\Xbim.SceneJSWebViewer.csproj", "{219A127E-82B8-43A1-8959-7102E4724F8F}"
EndProject
Project("{FAE04EC0-301F-11D3-BF4B-00C04F79EFBC}") = "XbimConvert", "XbimConvert\XbimConvert.csproj", "{5B6AC153-AC56-4B01-8734-88EAB805A6DB}"
EndProject
Project("{FAE04EC0-301F-11D3-BF4B-00C04F79EFBC}") = "Xbim.Tests", "Xbim.Tests\Xbim.Tests.csproj", "{8729CDD1-B493-48EC-A867-61ABAF3E93D2}"
EndProject
Project("{FAE04EC0-301F-11D3-BF4B-00C04F79EFBC}") = "XbimRegression", "XbimRegression\XbimRegression.csproj", "{6EF22FB8-7048-4E6A-9B2F-AC2570A998A9}"
	ProjectSection(ProjectDependencies) = postProject
		{97DFF14E-ADD7-4ED3-B8C3-0D3D3E6CDEE8} = {97DFF14E-ADD7-4ED3-B8C3-0D3D3E6CDEE8}
	EndProjectSection
EndProject
Project("{FAE04EC0-301F-11D3-BF4B-00C04F79EFBC}") = "Xbim.COBie", "Xbim.COBie\Xbim.COBie.csproj", "{7DA8C61A-ACCA-45CB-B688-93A4982FA44C}"
EndProject
Project("{FAE04EC0-301F-11D3-BF4B-00C04F79EFBC}") = "Xbim.COBie.Client", "XBim.COBie.Client\Xbim.COBie.Client.csproj", "{FB5A1829-7B34-4DE9-94A9-AF3AD36320BB}"
EndProject
Project("{FAE04EC0-301F-11D3-BF4B-00C04F79EFBC}") = "CodeExamples", "CodeExamples\CodeExamples.csproj", "{9FD894A7-6637-4BF0-A0EA-D654CEB0E234}"
EndProject
Project("{FAE04EC0-301F-11D3-BF4B-00C04F79EFBC}") = "Xbim.Ifc2x3", "Xbim.Ifc2x3\Xbim.Ifc2x3.csproj", "{5D4C907D-1293-4E5F-9642-D0862AE4741C}"
EndProject
Project("{FAE04EC0-301F-11D3-BF4B-00C04F79EFBC}") = "Xbim.Ifc2x3.Extensions", "Xbim.Ifc.Extensions\Xbim.Ifc2x3.Extensions.csproj", "{09870F18-1796-4A3E-A66D-68DB3DA60B24}"
EndProject
Project("{FAE04EC0-301F-11D3-BF4B-00C04F79EFBC}") = "Xbim.ModelGeometry.Converter", "Xbim.ModelGeometry.Converter\Xbim.ModelGeometry.Converter.csproj", "{97DFF14E-ADD7-4ED3-B8C3-0D3D3E6CDEE8}"
	ProjectSection(ProjectDependencies) = postProject
		{A0544330-3B8B-45F6-BE6B-E9A5AD661384} = {A0544330-3B8B-45F6-BE6B-E9A5AD661384}
		{BB0E1C7A-C255-41CB-814D-894193AB6424} = {BB0E1C7A-C255-41CB-814D-894193AB6424}
	EndProjectSection
EndProject
Project("{FAE04EC0-301F-11D3-BF4B-00C04F79EFBC}") = "Xbim.Presentation", "Xbim.Presentation\Xbim.Presentation.csproj", "{89F98E53-DE4E-4427-8244-D5934AD08849}"
EndProject
Project("{8BC9CEB8-8B4A-11D0-8D11-00A0C91BC942}") = "Xbim.ModelGeometry.OCC64", "Xbim.ModelGeometry.OCC\Xbim.ModelGeometry.OCC64.vcxproj", "{BB0E1C7A-C255-41CB-814D-894193AB6424}"
EndProject
Project("{8BC9CEB8-8B4A-11D0-8D11-00A0C91BC942}") = "Xbim.ModelGeometry.OCC32", "Xbim.ModelGeometry.OCC\Xbim.ModelGeometry.OCC32.vcxproj", "{A0544330-3B8B-45F6-BE6B-E9A5AD661384}"
EndProject
Project("{FAE04EC0-301F-11D3-BF4B-00C04F79EFBC}") = "BIMRL_QDB", "BIMRL\BIMRL_QDB.csproj", "{6BAFBB4A-44A8-4B24-91EE-A429EEB03246}"
	ProjectSection(ProjectDependencies) = postProject
		{571C1A04-3D2F-43C4-9BBC-E42A19FF2397} = {571C1A04-3D2F-43C4-9BBC-E42A19FF2397}
	EndProjectSection
EndProject
Project("{FAE04EC0-301F-11D3-BF4B-00C04F79EFBC}") = "BIMRLMisc", "BIMRLMisc\BIMRLMisc.csproj", "{263A8216-FA39-4CD8-9350-E27CA8AD1799}"
EndProject
Project("{2150E333-8FDC-42A3-9474-1A3956D46DE8}") = "BIMRL_Projects", "BIMRL_Projects", "{0E5E23D6-ECCE-4575-9BB1-1666D1B0A106}"
EndProject
Project("{FAE04EC0-301F-11D3-BF4B-00C04F79EFBC}") = "BIMRLInterface", "BIMRLInterface\BIMRLInterface.csproj", "{B5D96010-3E00-4728-AE57-1496A5E9BC72}"
	ProjectSection(ProjectDependencies) = postProject
		{571C1A04-3D2F-43C4-9BBC-E42A19FF2397} = {571C1A04-3D2F-43C4-9BBC-E42A19FF2397}
		{6BAFBB4A-44A8-4B24-91EE-A429EEB03246} = {6BAFBB4A-44A8-4B24-91EE-A429EEB03246}
	EndProjectSection
EndProject
Project("{FAE04EC0-301F-11D3-BF4B-00C04F79EFBC}") = "OctreeLib", "OctTreeLib\OctreeLib.csproj", "{571C1A04-3D2F-43C4-9BBC-E42A19FF2397}"
EndProject
Project("{FAE04EC0-301F-11D3-BF4B-00C04F79EFBC}") = "BIMDataTile", "EmpireBIMDataTile\BIMDataTile.csproj", "{C435BA8A-CE7F-446F-BA2E-6E745EE836AF}"
EndProject
Project("{FAE04EC0-301F-11D3-BF4B-00C04F79EFBC}") = "BIMRLGraph", "BIMRLGraph\BIMRLGraph.csproj", "{179CD0ED-DA22-4D61-BE50-E4A02ADD07D4}"
EndProject
Project("{FAE04EC0-301F-11D3-BF4B-00C04F79EFBC}") = "GraphTest", "GraphTest\GraphTest.csproj", "{4D67E703-9EBD-489D-80FB-06514B98CB88}"
EndProject
Global
	GlobalSection(SolutionConfigurationPlatforms) = preSolution
		Debug|Any CPU = Debug|Any CPU
		Debug|Mixed Platforms = Debug|Mixed Platforms
		Debug|x64 = Debug|x64
		NugetDistribution|Any CPU = NugetDistribution|Any CPU
		NugetDistribution|Mixed Platforms = NugetDistribution|Mixed Platforms
		NugetDistribution|x64 = NugetDistribution|x64
		Release|Any CPU = Release|Any CPU
		Release|Mixed Platforms = Release|Mixed Platforms
		Release|x64 = Release|x64
	EndGlobalSection
	GlobalSection(ProjectConfigurationPlatforms) = postSolution
		{85856DF2-C8AB-4120-8A8D-AE05D2696B51}.Debug|Any CPU.ActiveCfg = Debug|Any CPU
		{85856DF2-C8AB-4120-8A8D-AE05D2696B51}.Debug|Any CPU.Build.0 = Debug|Any CPU
		{85856DF2-C8AB-4120-8A8D-AE05D2696B51}.Debug|Mixed Platforms.ActiveCfg = Debug|Any CPU
		{85856DF2-C8AB-4120-8A8D-AE05D2696B51}.Debug|Mixed Platforms.Build.0 = Debug|Any CPU
		{85856DF2-C8AB-4120-8A8D-AE05D2696B51}.Debug|x64.ActiveCfg = Debug|Any CPU
		{85856DF2-C8AB-4120-8A8D-AE05D2696B51}.NugetDistribution|Any CPU.ActiveCfg = NugetDistribution|Any CPU
		{85856DF2-C8AB-4120-8A8D-AE05D2696B51}.NugetDistribution|Any CPU.Build.0 = NugetDistribution|Any CPU
		{85856DF2-C8AB-4120-8A8D-AE05D2696B51}.NugetDistribution|Mixed Platforms.ActiveCfg = NugetDistribution|Any CPU
		{85856DF2-C8AB-4120-8A8D-AE05D2696B51}.NugetDistribution|Mixed Platforms.Build.0 = NugetDistribution|Any CPU
		{85856DF2-C8AB-4120-8A8D-AE05D2696B51}.NugetDistribution|x64.ActiveCfg = NugetDistribution|Any CPU
		{85856DF2-C8AB-4120-8A8D-AE05D2696B51}.Release|Any CPU.ActiveCfg = Release|Any CPU
		{85856DF2-C8AB-4120-8A8D-AE05D2696B51}.Release|Any CPU.Build.0 = Release|Any CPU
		{85856DF2-C8AB-4120-8A8D-AE05D2696B51}.Release|Mixed Platforms.ActiveCfg = Release|Any CPU
		{85856DF2-C8AB-4120-8A8D-AE05D2696B51}.Release|Mixed Platforms.Build.0 = Release|Any CPU
		{85856DF2-C8AB-4120-8A8D-AE05D2696B51}.Release|x64.ActiveCfg = Release|Any CPU
		{D6CED5D7-BE37-4A32-90A5-1444C9FFDD91}.Debug|Any CPU.ActiveCfg = Debug|Any CPU
		{D6CED5D7-BE37-4A32-90A5-1444C9FFDD91}.Debug|Any CPU.Build.0 = Debug|Any CPU
		{D6CED5D7-BE37-4A32-90A5-1444C9FFDD91}.Debug|Mixed Platforms.ActiveCfg = Debug|Any CPU
		{D6CED5D7-BE37-4A32-90A5-1444C9FFDD91}.Debug|Mixed Platforms.Build.0 = Debug|Any CPU
		{D6CED5D7-BE37-4A32-90A5-1444C9FFDD91}.Debug|x64.ActiveCfg = Debug|x64
		{D6CED5D7-BE37-4A32-90A5-1444C9FFDD91}.NugetDistribution|Any CPU.ActiveCfg = Release|Any CPU
		{D6CED5D7-BE37-4A32-90A5-1444C9FFDD91}.NugetDistribution|Mixed Platforms.ActiveCfg = Release|Any CPU
		{D6CED5D7-BE37-4A32-90A5-1444C9FFDD91}.NugetDistribution|Mixed Platforms.Build.0 = Release|Any CPU
		{D6CED5D7-BE37-4A32-90A5-1444C9FFDD91}.NugetDistribution|x64.ActiveCfg = Release|Any CPU
		{D6CED5D7-BE37-4A32-90A5-1444C9FFDD91}.Release|Any CPU.ActiveCfg = Release|Any CPU
		{D6CED5D7-BE37-4A32-90A5-1444C9FFDD91}.Release|Any CPU.Build.0 = Release|Any CPU
		{D6CED5D7-BE37-4A32-90A5-1444C9FFDD91}.Release|Mixed Platforms.ActiveCfg = Release|Any CPU
		{D6CED5D7-BE37-4A32-90A5-1444C9FFDD91}.Release|Mixed Platforms.Build.0 = Release|Any CPU
		{D6CED5D7-BE37-4A32-90A5-1444C9FFDD91}.Release|x64.ActiveCfg = Release|Any CPU
		{3D9D37DE-A254-4433-B172-7590CBD84C69}.Debug|Any CPU.ActiveCfg = Debug|Any CPU
		{3D9D37DE-A254-4433-B172-7590CBD84C69}.Debug|Any CPU.Build.0 = Debug|Any CPU
		{3D9D37DE-A254-4433-B172-7590CBD84C69}.Debug|Mixed Platforms.ActiveCfg = Debug|Any CPU
		{3D9D37DE-A254-4433-B172-7590CBD84C69}.Debug|Mixed Platforms.Build.0 = Debug|Any CPU
		{3D9D37DE-A254-4433-B172-7590CBD84C69}.Debug|x64.ActiveCfg = Debug|Any CPU
		{3D9D37DE-A254-4433-B172-7590CBD84C69}.NugetDistribution|Any CPU.ActiveCfg = NugetDistribution|Any CPU
		{3D9D37DE-A254-4433-B172-7590CBD84C69}.NugetDistribution|Any CPU.Build.0 = NugetDistribution|Any CPU
		{3D9D37DE-A254-4433-B172-7590CBD84C69}.NugetDistribution|Mixed Platforms.ActiveCfg = NugetDistribution|Any CPU
		{3D9D37DE-A254-4433-B172-7590CBD84C69}.NugetDistribution|Mixed Platforms.Build.0 = NugetDistribution|Any CPU
		{3D9D37DE-A254-4433-B172-7590CBD84C69}.NugetDistribution|x64.ActiveCfg = NugetDistribution|Any CPU
		{3D9D37DE-A254-4433-B172-7590CBD84C69}.Release|Any CPU.ActiveCfg = Release|Any CPU
		{3D9D37DE-A254-4433-B172-7590CBD84C69}.Release|Any CPU.Build.0 = Release|Any CPU
		{3D9D37DE-A254-4433-B172-7590CBD84C69}.Release|Mixed Platforms.ActiveCfg = Release|Any CPU
		{3D9D37DE-A254-4433-B172-7590CBD84C69}.Release|Mixed Platforms.Build.0 = Release|Any CPU
		{3D9D37DE-A254-4433-B172-7590CBD84C69}.Release|x64.ActiveCfg = Release|Any CPU
		{B0E3E6A5-119C-4EFE-9796-EE131B2E278A}.Debug|Any CPU.ActiveCfg = Debug|Any CPU
		{B0E3E6A5-119C-4EFE-9796-EE131B2E278A}.Debug|Any CPU.Build.0 = Debug|Any CPU
		{B0E3E6A5-119C-4EFE-9796-EE131B2E278A}.Debug|Mixed Platforms.ActiveCfg = Debug|Any CPU
		{B0E3E6A5-119C-4EFE-9796-EE131B2E278A}.Debug|Mixed Platforms.Build.0 = Debug|Any CPU
		{B0E3E6A5-119C-4EFE-9796-EE131B2E278A}.Debug|x64.ActiveCfg = Debug|Any CPU
		{B0E3E6A5-119C-4EFE-9796-EE131B2E278A}.NugetDistribution|Any CPU.ActiveCfg = NugetDistribution|Any CPU
		{B0E3E6A5-119C-4EFE-9796-EE131B2E278A}.NugetDistribution|Any CPU.Build.0 = NugetDistribution|Any CPU
		{B0E3E6A5-119C-4EFE-9796-EE131B2E278A}.NugetDistribution|Mixed Platforms.ActiveCfg = NugetDistribution|Any CPU
		{B0E3E6A5-119C-4EFE-9796-EE131B2E278A}.NugetDistribution|Mixed Platforms.Build.0 = NugetDistribution|Any CPU
		{B0E3E6A5-119C-4EFE-9796-EE131B2E278A}.NugetDistribution|x64.ActiveCfg = NugetDistribution|Any CPU
		{B0E3E6A5-119C-4EFE-9796-EE131B2E278A}.Release|Any CPU.ActiveCfg = Release|Any CPU
		{B0E3E6A5-119C-4EFE-9796-EE131B2E278A}.Release|Any CPU.Build.0 = Release|Any CPU
		{B0E3E6A5-119C-4EFE-9796-EE131B2E278A}.Release|Mixed Platforms.ActiveCfg = Release|Any CPU
		{B0E3E6A5-119C-4EFE-9796-EE131B2E278A}.Release|Mixed Platforms.Build.0 = Release|Any CPU
		{B0E3E6A5-119C-4EFE-9796-EE131B2E278A}.Release|x64.ActiveCfg = Release|Any CPU
		{B0E3E6A5-119C-4EFE-9796-EE131B2E278A}.Release|x64.Deploy.0 = Release|Any CPU
		{6745F5AC-AF3C-4372-81AA-A75E7B1FA03B}.Debug|Any CPU.ActiveCfg = Debug|Any CPU
		{6745F5AC-AF3C-4372-81AA-A75E7B1FA03B}.Debug|Any CPU.Build.0 = Debug|Any CPU
		{6745F5AC-AF3C-4372-81AA-A75E7B1FA03B}.Debug|Mixed Platforms.ActiveCfg = Debug|Any CPU
		{6745F5AC-AF3C-4372-81AA-A75E7B1FA03B}.Debug|Mixed Platforms.Build.0 = Debug|Any CPU
		{6745F5AC-AF3C-4372-81AA-A75E7B1FA03B}.Debug|x64.ActiveCfg = Debug|Any CPU
		{6745F5AC-AF3C-4372-81AA-A75E7B1FA03B}.NugetDistribution|Any CPU.ActiveCfg = NugetDistribution|Any CPU
		{6745F5AC-AF3C-4372-81AA-A75E7B1FA03B}.NugetDistribution|Any CPU.Build.0 = NugetDistribution|Any CPU
		{6745F5AC-AF3C-4372-81AA-A75E7B1FA03B}.NugetDistribution|Mixed Platforms.ActiveCfg = NugetDistribution|Any CPU
		{6745F5AC-AF3C-4372-81AA-A75E7B1FA03B}.NugetDistribution|Mixed Platforms.Build.0 = NugetDistribution|Any CPU
		{6745F5AC-AF3C-4372-81AA-A75E7B1FA03B}.NugetDistribution|x64.ActiveCfg = NugetDistribution|Any CPU
		{6745F5AC-AF3C-4372-81AA-A75E7B1FA03B}.Release|Any CPU.ActiveCfg = Release|Any CPU
		{6745F5AC-AF3C-4372-81AA-A75E7B1FA03B}.Release|Any CPU.Build.0 = Release|Any CPU
		{6745F5AC-AF3C-4372-81AA-A75E7B1FA03B}.Release|Mixed Platforms.ActiveCfg = Release|Any CPU
		{6745F5AC-AF3C-4372-81AA-A75E7B1FA03B}.Release|Mixed Platforms.Build.0 = Release|Any CPU
		{6745F5AC-AF3C-4372-81AA-A75E7B1FA03B}.Release|x64.ActiveCfg = Release|Any CPU
		{219A127E-82B8-43A1-8959-7102E4724F8F}.Debug|Any CPU.ActiveCfg = Debug|Any CPU
		{219A127E-82B8-43A1-8959-7102E4724F8F}.Debug|Any CPU.Build.0 = Debug|Any CPU
		{219A127E-82B8-43A1-8959-7102E4724F8F}.Debug|Mixed Platforms.ActiveCfg = Debug|Any CPU
		{219A127E-82B8-43A1-8959-7102E4724F8F}.Debug|Mixed Platforms.Build.0 = Debug|Any CPU
		{219A127E-82B8-43A1-8959-7102E4724F8F}.Debug|x64.ActiveCfg = Debug|Any CPU
		{219A127E-82B8-43A1-8959-7102E4724F8F}.NugetDistribution|Any CPU.ActiveCfg = Release|Any CPU
		{219A127E-82B8-43A1-8959-7102E4724F8F}.NugetDistribution|Mixed Platforms.ActiveCfg = Release|Any CPU
		{219A127E-82B8-43A1-8959-7102E4724F8F}.NugetDistribution|Mixed Platforms.Build.0 = Release|Any CPU
		{219A127E-82B8-43A1-8959-7102E4724F8F}.NugetDistribution|x64.ActiveCfg = Release|Any CPU
		{219A127E-82B8-43A1-8959-7102E4724F8F}.Release|Any CPU.ActiveCfg = Release|Any CPU
		{219A127E-82B8-43A1-8959-7102E4724F8F}.Release|Any CPU.Build.0 = Release|Any CPU
		{219A127E-82B8-43A1-8959-7102E4724F8F}.Release|Mixed Platforms.ActiveCfg = Release|Any CPU
		{219A127E-82B8-43A1-8959-7102E4724F8F}.Release|Mixed Platforms.Build.0 = Release|Any CPU
		{219A127E-82B8-43A1-8959-7102E4724F8F}.Release|x64.ActiveCfg = Release|Any CPU
		{5B6AC153-AC56-4B01-8734-88EAB805A6DB}.Debug|Any CPU.ActiveCfg = Debug|Any CPU
		{5B6AC153-AC56-4B01-8734-88EAB805A6DB}.Debug|Any CPU.Build.0 = Debug|Any CPU
		{5B6AC153-AC56-4B01-8734-88EAB805A6DB}.Debug|Mixed Platforms.ActiveCfg = Debug|Any CPU
		{5B6AC153-AC56-4B01-8734-88EAB805A6DB}.Debug|Mixed Platforms.Build.0 = Debug|Any CPU
		{5B6AC153-AC56-4B01-8734-88EAB805A6DB}.Debug|x64.ActiveCfg = Debug|Any CPU
		{5B6AC153-AC56-4B01-8734-88EAB805A6DB}.NugetDistribution|Any CPU.ActiveCfg = Release|Any CPU
		{5B6AC153-AC56-4B01-8734-88EAB805A6DB}.NugetDistribution|Mixed Platforms.ActiveCfg = Release|Any CPU
		{5B6AC153-AC56-4B01-8734-88EAB805A6DB}.NugetDistribution|Mixed Platforms.Build.0 = Release|Any CPU
		{5B6AC153-AC56-4B01-8734-88EAB805A6DB}.NugetDistribution|x64.ActiveCfg = Release|Any CPU
		{5B6AC153-AC56-4B01-8734-88EAB805A6DB}.Release|Any CPU.ActiveCfg = Release|Any CPU
		{5B6AC153-AC56-4B01-8734-88EAB805A6DB}.Release|Any CPU.Build.0 = Release|Any CPU
		{5B6AC153-AC56-4B01-8734-88EAB805A6DB}.Release|Mixed Platforms.ActiveCfg = Release|Any CPU
		{5B6AC153-AC56-4B01-8734-88EAB805A6DB}.Release|Mixed Platforms.Build.0 = Release|Any CPU
		{5B6AC153-AC56-4B01-8734-88EAB805A6DB}.Release|x64.ActiveCfg = Release|Any CPU
		{8729CDD1-B493-48EC-A867-61ABAF3E93D2}.Debug|Any CPU.ActiveCfg = Debug|Any CPU
		{8729CDD1-B493-48EC-A867-61ABAF3E93D2}.Debug|Any CPU.Build.0 = Debug|Any CPU
		{8729CDD1-B493-48EC-A867-61ABAF3E93D2}.Debug|Mixed Platforms.ActiveCfg = Debug|Any CPU
		{8729CDD1-B493-48EC-A867-61ABAF3E93D2}.Debug|Mixed Platforms.Build.0 = Debug|Any CPU
		{8729CDD1-B493-48EC-A867-61ABAF3E93D2}.Debug|x64.ActiveCfg = Debug|Any CPU
		{8729CDD1-B493-48EC-A867-61ABAF3E93D2}.NugetDistribution|Any CPU.ActiveCfg = Release|Any CPU
		{8729CDD1-B493-48EC-A867-61ABAF3E93D2}.NugetDistribution|Mixed Platforms.ActiveCfg = Release|Any CPU
		{8729CDD1-B493-48EC-A867-61ABAF3E93D2}.NugetDistribution|Mixed Platforms.Build.0 = Release|Any CPU
		{8729CDD1-B493-48EC-A867-61ABAF3E93D2}.NugetDistribution|x64.ActiveCfg = Release|Any CPU
		{8729CDD1-B493-48EC-A867-61ABAF3E93D2}.Release|Any CPU.ActiveCfg = Release|Any CPU
		{8729CDD1-B493-48EC-A867-61ABAF3E93D2}.Release|Any CPU.Build.0 = Release|Any CPU
		{8729CDD1-B493-48EC-A867-61ABAF3E93D2}.Release|Mixed Platforms.ActiveCfg = Release|Any CPU
		{8729CDD1-B493-48EC-A867-61ABAF3E93D2}.Release|Mixed Platforms.Build.0 = Release|Any CPU
		{8729CDD1-B493-48EC-A867-61ABAF3E93D2}.Release|x64.ActiveCfg = Release|Any CPU
		{6EF22FB8-7048-4E6A-9B2F-AC2570A998A9}.Debug|Any CPU.ActiveCfg = Debug|Any CPU
		{6EF22FB8-7048-4E6A-9B2F-AC2570A998A9}.Debug|Any CPU.Build.0 = Debug|Any CPU
		{6EF22FB8-7048-4E6A-9B2F-AC2570A998A9}.Debug|Mixed Platforms.ActiveCfg = Debug|Any CPU
		{6EF22FB8-7048-4E6A-9B2F-AC2570A998A9}.Debug|Mixed Platforms.Build.0 = Debug|Any CPU
		{6EF22FB8-7048-4E6A-9B2F-AC2570A998A9}.Debug|x64.ActiveCfg = Debug|Any CPU
		{6EF22FB8-7048-4E6A-9B2F-AC2570A998A9}.NugetDistribution|Any CPU.ActiveCfg = Release|Any CPU
		{6EF22FB8-7048-4E6A-9B2F-AC2570A998A9}.NugetDistribution|Mixed Platforms.ActiveCfg = Release|Any CPU
		{6EF22FB8-7048-4E6A-9B2F-AC2570A998A9}.NugetDistribution|Mixed Platforms.Build.0 = Release|Any CPU
		{6EF22FB8-7048-4E6A-9B2F-AC2570A998A9}.NugetDistribution|x64.ActiveCfg = Release|Any CPU
		{6EF22FB8-7048-4E6A-9B2F-AC2570A998A9}.Release|Any CPU.ActiveCfg = Release|Any CPU
		{6EF22FB8-7048-4E6A-9B2F-AC2570A998A9}.Release|Any CPU.Build.0 = Release|Any CPU
		{6EF22FB8-7048-4E6A-9B2F-AC2570A998A9}.Release|Mixed Platforms.ActiveCfg = Release|Any CPU
		{6EF22FB8-7048-4E6A-9B2F-AC2570A998A9}.Release|Mixed Platforms.Build.0 = Release|Any CPU
		{6EF22FB8-7048-4E6A-9B2F-AC2570A998A9}.Release|x64.ActiveCfg = Release|Any CPU
		{7DA8C61A-ACCA-45CB-B688-93A4982FA44C}.Debug|Any CPU.ActiveCfg = Debug|Any CPU
		{7DA8C61A-ACCA-45CB-B688-93A4982FA44C}.Debug|Any CPU.Build.0 = Debug|Any CPU
		{7DA8C61A-ACCA-45CB-B688-93A4982FA44C}.Debug|Mixed Platforms.ActiveCfg = Debug|Any CPU
		{7DA8C61A-ACCA-45CB-B688-93A4982FA44C}.Debug|Mixed Platforms.Build.0 = Debug|Any CPU
		{7DA8C61A-ACCA-45CB-B688-93A4982FA44C}.Debug|x64.ActiveCfg = Debug|Any CPU
		{7DA8C61A-ACCA-45CB-B688-93A4982FA44C}.NugetDistribution|Any CPU.ActiveCfg = NugetDistribution|Any CPU
		{7DA8C61A-ACCA-45CB-B688-93A4982FA44C}.NugetDistribution|Any CPU.Build.0 = NugetDistribution|Any CPU
		{7DA8C61A-ACCA-45CB-B688-93A4982FA44C}.NugetDistribution|Mixed Platforms.ActiveCfg = NugetDistribution|Any CPU
		{7DA8C61A-ACCA-45CB-B688-93A4982FA44C}.NugetDistribution|Mixed Platforms.Build.0 = NugetDistribution|Any CPU
		{7DA8C61A-ACCA-45CB-B688-93A4982FA44C}.NugetDistribution|x64.ActiveCfg = NugetDistribution|Any CPU
		{7DA8C61A-ACCA-45CB-B688-93A4982FA44C}.Release|Any CPU.ActiveCfg = Release|Any CPU
		{7DA8C61A-ACCA-45CB-B688-93A4982FA44C}.Release|Any CPU.Build.0 = Release|Any CPU
		{7DA8C61A-ACCA-45CB-B688-93A4982FA44C}.Release|Mixed Platforms.ActiveCfg = Release|Any CPU
		{7DA8C61A-ACCA-45CB-B688-93A4982FA44C}.Release|Mixed Platforms.Build.0 = Release|Any CPU
		{7DA8C61A-ACCA-45CB-B688-93A4982FA44C}.Release|x64.ActiveCfg = Release|Any CPU
		{FB5A1829-7B34-4DE9-94A9-AF3AD36320BB}.Debug|Any CPU.ActiveCfg = Debug|Any CPU
		{FB5A1829-7B34-4DE9-94A9-AF3AD36320BB}.Debug|Any CPU.Build.0 = Debug|Any CPU
		{FB5A1829-7B34-4DE9-94A9-AF3AD36320BB}.Debug|Mixed Platforms.ActiveCfg = Debug|Any CPU
		{FB5A1829-7B34-4DE9-94A9-AF3AD36320BB}.Debug|Mixed Platforms.Build.0 = Debug|Any CPU
		{FB5A1829-7B34-4DE9-94A9-AF3AD36320BB}.Debug|x64.ActiveCfg = Debug|Any CPU
		{FB5A1829-7B34-4DE9-94A9-AF3AD36320BB}.NugetDistribution|Any CPU.ActiveCfg = Release|Any CPU
		{FB5A1829-7B34-4DE9-94A9-AF3AD36320BB}.NugetDistribution|Mixed Platforms.ActiveCfg = Release|Any CPU
		{FB5A1829-7B34-4DE9-94A9-AF3AD36320BB}.NugetDistribution|Mixed Platforms.Build.0 = Release|Any CPU
		{FB5A1829-7B34-4DE9-94A9-AF3AD36320BB}.NugetDistribution|x64.ActiveCfg = Release|Any CPU
		{FB5A1829-7B34-4DE9-94A9-AF3AD36320BB}.Release|Any CPU.ActiveCfg = Release|Any CPU
		{FB5A1829-7B34-4DE9-94A9-AF3AD36320BB}.Release|Any CPU.Build.0 = Release|Any CPU
		{FB5A1829-7B34-4DE9-94A9-AF3AD36320BB}.Release|Mixed Platforms.ActiveCfg = Release|Any CPU
		{FB5A1829-7B34-4DE9-94A9-AF3AD36320BB}.Release|Mixed Platforms.Build.0 = Release|Any CPU
		{FB5A1829-7B34-4DE9-94A9-AF3AD36320BB}.Release|x64.ActiveCfg = Release|Any CPU
		{9FD894A7-6637-4BF0-A0EA-D654CEB0E234}.Debug|Any CPU.ActiveCfg = Debug|Any CPU
		{9FD894A7-6637-4BF0-A0EA-D654CEB0E234}.Debug|Any CPU.Build.0 = Debug|Any CPU
		{9FD894A7-6637-4BF0-A0EA-D654CEB0E234}.Debug|Mixed Platforms.ActiveCfg = Debug|Any CPU
		{9FD894A7-6637-4BF0-A0EA-D654CEB0E234}.Debug|Mixed Platforms.Build.0 = Debug|Any CPU
		{9FD894A7-6637-4BF0-A0EA-D654CEB0E234}.Debug|x64.ActiveCfg = Debug|Any CPU
		{9FD894A7-6637-4BF0-A0EA-D654CEB0E234}.NugetDistribution|Any CPU.ActiveCfg = Release|Any CPU
		{9FD894A7-6637-4BF0-A0EA-D654CEB0E234}.NugetDistribution|Mixed Platforms.ActiveCfg = Release|Any CPU
		{9FD894A7-6637-4BF0-A0EA-D654CEB0E234}.NugetDistribution|Mixed Platforms.Build.0 = Release|Any CPU
		{9FD894A7-6637-4BF0-A0EA-D654CEB0E234}.NugetDistribution|x64.ActiveCfg = Release|Any CPU
		{9FD894A7-6637-4BF0-A0EA-D654CEB0E234}.Release|Any CPU.ActiveCfg = Release|Any CPU
		{9FD894A7-6637-4BF0-A0EA-D654CEB0E234}.Release|Any CPU.Build.0 = Release|Any CPU
		{9FD894A7-6637-4BF0-A0EA-D654CEB0E234}.Release|Mixed Platforms.ActiveCfg = Release|Any CPU
		{9FD894A7-6637-4BF0-A0EA-D654CEB0E234}.Release|Mixed Platforms.Build.0 = Release|Any CPU
		{9FD894A7-6637-4BF0-A0EA-D654CEB0E234}.Release|x64.ActiveCfg = Release|Any CPU
		{5D4C907D-1293-4E5F-9642-D0862AE4741C}.Debug|Any CPU.ActiveCfg = Debug|Any CPU
		{5D4C907D-1293-4E5F-9642-D0862AE4741C}.Debug|Any CPU.Build.0 = Debug|Any CPU
		{5D4C907D-1293-4E5F-9642-D0862AE4741C}.Debug|Mixed Platforms.ActiveCfg = Debug|Any CPU
		{5D4C907D-1293-4E5F-9642-D0862AE4741C}.Debug|Mixed Platforms.Build.0 = Debug|Any CPU
		{5D4C907D-1293-4E5F-9642-D0862AE4741C}.Debug|x64.ActiveCfg = Debug|Any CPU
		{5D4C907D-1293-4E5F-9642-D0862AE4741C}.NugetDistribution|Any CPU.ActiveCfg = NugetDistribution|Any CPU
		{5D4C907D-1293-4E5F-9642-D0862AE4741C}.NugetDistribution|Any CPU.Build.0 = NugetDistribution|Any CPU
		{5D4C907D-1293-4E5F-9642-D0862AE4741C}.NugetDistribution|Mixed Platforms.ActiveCfg = NugetDistribution|Any CPU
		{5D4C907D-1293-4E5F-9642-D0862AE4741C}.NugetDistribution|Mixed Platforms.Build.0 = NugetDistribution|Any CPU
		{5D4C907D-1293-4E5F-9642-D0862AE4741C}.NugetDistribution|x64.ActiveCfg = NugetDistribution|Any CPU
		{5D4C907D-1293-4E5F-9642-D0862AE4741C}.Release|Any CPU.ActiveCfg = Release|Any CPU
		{5D4C907D-1293-4E5F-9642-D0862AE4741C}.Release|Any CPU.Build.0 = Release|Any CPU
		{5D4C907D-1293-4E5F-9642-D0862AE4741C}.Release|Mixed Platforms.ActiveCfg = Release|Any CPU
		{5D4C907D-1293-4E5F-9642-D0862AE4741C}.Release|Mixed Platforms.Build.0 = Release|Any CPU
		{5D4C907D-1293-4E5F-9642-D0862AE4741C}.Release|x64.ActiveCfg = Release|Any CPU
		{09870F18-1796-4A3E-A66D-68DB3DA60B24}.Debug|Any CPU.ActiveCfg = Debug|Any CPU
		{09870F18-1796-4A3E-A66D-68DB3DA60B24}.Debug|Any CPU.Build.0 = Debug|Any CPU
		{09870F18-1796-4A3E-A66D-68DB3DA60B24}.Debug|Mixed Platforms.ActiveCfg = Debug|Any CPU
		{09870F18-1796-4A3E-A66D-68DB3DA60B24}.Debug|Mixed Platforms.Build.0 = Debug|Any CPU
		{09870F18-1796-4A3E-A66D-68DB3DA60B24}.Debug|x64.ActiveCfg = Debug|Any CPU
		{09870F18-1796-4A3E-A66D-68DB3DA60B24}.NugetDistribution|Any CPU.ActiveCfg = NugetDistribution|Any CPU
		{09870F18-1796-4A3E-A66D-68DB3DA60B24}.NugetDistribution|Any CPU.Build.0 = NugetDistribution|Any CPU
		{09870F18-1796-4A3E-A66D-68DB3DA60B24}.NugetDistribution|Mixed Platforms.ActiveCfg = NugetDistribution|Any CPU
		{09870F18-1796-4A3E-A66D-68DB3DA60B24}.NugetDistribution|Mixed Platforms.Build.0 = NugetDistribution|Any CPU
		{09870F18-1796-4A3E-A66D-68DB3DA60B24}.NugetDistribution|x64.ActiveCfg = NugetDistribution|Any CPU
		{09870F18-1796-4A3E-A66D-68DB3DA60B24}.Release|Any CPU.ActiveCfg = Release|Any CPU
		{09870F18-1796-4A3E-A66D-68DB3DA60B24}.Release|Any CPU.Build.0 = Release|Any CPU
		{09870F18-1796-4A3E-A66D-68DB3DA60B24}.Release|Mixed Platforms.ActiveCfg = Release|Any CPU
		{09870F18-1796-4A3E-A66D-68DB3DA60B24}.Release|Mixed Platforms.Build.0 = Release|Any CPU
		{09870F18-1796-4A3E-A66D-68DB3DA60B24}.Release|x64.ActiveCfg = Release|Any CPU
		{97DFF14E-ADD7-4ED3-B8C3-0D3D3E6CDEE8}.Debug|Any CPU.ActiveCfg = Debug|Any CPU
		{97DFF14E-ADD7-4ED3-B8C3-0D3D3E6CDEE8}.Debug|Any CPU.Build.0 = Debug|Any CPU
		{97DFF14E-ADD7-4ED3-B8C3-0D3D3E6CDEE8}.Debug|Mixed Platforms.ActiveCfg = Debug|Any CPU
		{97DFF14E-ADD7-4ED3-B8C3-0D3D3E6CDEE8}.Debug|Mixed Platforms.Build.0 = Debug|Any CPU
		{97DFF14E-ADD7-4ED3-B8C3-0D3D3E6CDEE8}.Debug|x64.ActiveCfg = Debug|Any CPU
		{97DFF14E-ADD7-4ED3-B8C3-0D3D3E6CDEE8}.NugetDistribution|Any CPU.ActiveCfg = NugetDistribution|Any CPU
		{97DFF14E-ADD7-4ED3-B8C3-0D3D3E6CDEE8}.NugetDistribution|Any CPU.Build.0 = NugetDistribution|Any CPU
		{97DFF14E-ADD7-4ED3-B8C3-0D3D3E6CDEE8}.NugetDistribution|Mixed Platforms.ActiveCfg = NugetDistribution|Any CPU
		{97DFF14E-ADD7-4ED3-B8C3-0D3D3E6CDEE8}.NugetDistribution|Mixed Platforms.Build.0 = NugetDistribution|Any CPU
		{97DFF14E-ADD7-4ED3-B8C3-0D3D3E6CDEE8}.NugetDistribution|x64.ActiveCfg = NugetDistribution|Any CPU
		{97DFF14E-ADD7-4ED3-B8C3-0D3D3E6CDEE8}.Release|Any CPU.ActiveCfg = Release|Any CPU
		{97DFF14E-ADD7-4ED3-B8C3-0D3D3E6CDEE8}.Release|Any CPU.Build.0 = Release|Any CPU
		{97DFF14E-ADD7-4ED3-B8C3-0D3D3E6CDEE8}.Release|Mixed Platforms.ActiveCfg = Release|Any CPU
		{97DFF14E-ADD7-4ED3-B8C3-0D3D3E6CDEE8}.Release|Mixed Platforms.Build.0 = Release|Any CPU
		{97DFF14E-ADD7-4ED3-B8C3-0D3D3E6CDEE8}.Release|x64.ActiveCfg = Release|Any CPU
		{89F98E53-DE4E-4427-8244-D5934AD08849}.Debug|Any CPU.ActiveCfg = Debug|Any CPU
		{89F98E53-DE4E-4427-8244-D5934AD08849}.Debug|Any CPU.Build.0 = Debug|Any CPU
		{89F98E53-DE4E-4427-8244-D5934AD08849}.Debug|Mixed Platforms.ActiveCfg = Debug|Any CPU
		{89F98E53-DE4E-4427-8244-D5934AD08849}.Debug|Mixed Platforms.Build.0 = Debug|Any CPU
		{89F98E53-DE4E-4427-8244-D5934AD08849}.Debug|x64.ActiveCfg = Debug|Any CPU
		{89F98E53-DE4E-4427-8244-D5934AD08849}.NugetDistribution|Any CPU.ActiveCfg = NugetDistribution|Any CPU
		{89F98E53-DE4E-4427-8244-D5934AD08849}.NugetDistribution|Any CPU.Build.0 = NugetDistribution|Any CPU
		{89F98E53-DE4E-4427-8244-D5934AD08849}.NugetDistribution|Mixed Platforms.ActiveCfg = NugetDistribution|Any CPU
		{89F98E53-DE4E-4427-8244-D5934AD08849}.NugetDistribution|Mixed Platforms.Build.0 = NugetDistribution|Any CPU
		{89F98E53-DE4E-4427-8244-D5934AD08849}.NugetDistribution|x64.ActiveCfg = NugetDistribution|Any CPU
		{89F98E53-DE4E-4427-8244-D5934AD08849}.Release|Any CPU.ActiveCfg = Release|Any CPU
		{89F98E53-DE4E-4427-8244-D5934AD08849}.Release|Any CPU.Build.0 = Release|Any CPU
		{89F98E53-DE4E-4427-8244-D5934AD08849}.Release|Mixed Platforms.ActiveCfg = Release|Any CPU
		{89F98E53-DE4E-4427-8244-D5934AD08849}.Release|Mixed Platforms.Build.0 = Release|Any CPU
		{89F98E53-DE4E-4427-8244-D5934AD08849}.Release|x64.ActiveCfg = Release|Any CPU
		{BB0E1C7A-C255-41CB-814D-894193AB6424}.Debug|Any CPU.ActiveCfg = Debug|x64
		{BB0E1C7A-C255-41CB-814D-894193AB6424}.Debug|Any CPU.Build.0 = Debug|x64
		{BB0E1C7A-C255-41CB-814D-894193AB6424}.Debug|Mixed Platforms.ActiveCfg = Debug|x64
		{BB0E1C7A-C255-41CB-814D-894193AB6424}.Debug|Mixed Platforms.Build.0 = Debug|x64
		{BB0E1C7A-C255-41CB-814D-894193AB6424}.Debug|x64.ActiveCfg = Debug|x64
		{BB0E1C7A-C255-41CB-814D-894193AB6424}.Debug|x64.Build.0 = Debug|x64
		{BB0E1C7A-C255-41CB-814D-894193AB6424}.NugetDistribution|Any CPU.ActiveCfg = NugetDistribution|x64
		{BB0E1C7A-C255-41CB-814D-894193AB6424}.NugetDistribution|Any CPU.Build.0 = NugetDistribution|x64
		{BB0E1C7A-C255-41CB-814D-894193AB6424}.NugetDistribution|Mixed Platforms.ActiveCfg = NugetDistribution|x64
		{BB0E1C7A-C255-41CB-814D-894193AB6424}.NugetDistribution|Mixed Platforms.Build.0 = NugetDistribution|x64
		{BB0E1C7A-C255-41CB-814D-894193AB6424}.NugetDistribution|x64.ActiveCfg = NugetDistribution|x64
		{BB0E1C7A-C255-41CB-814D-894193AB6424}.NugetDistribution|x64.Build.0 = NugetDistribution|x64
		{BB0E1C7A-C255-41CB-814D-894193AB6424}.Release|Any CPU.ActiveCfg = Release|x64
		{BB0E1C7A-C255-41CB-814D-894193AB6424}.Release|Any CPU.Build.0 = Release|x64
		{BB0E1C7A-C255-41CB-814D-894193AB6424}.Release|Mixed Platforms.ActiveCfg = Release|x64
		{BB0E1C7A-C255-41CB-814D-894193AB6424}.Release|Mixed Platforms.Build.0 = Release|x64
		{BB0E1C7A-C255-41CB-814D-894193AB6424}.Release|x64.ActiveCfg = Release|x64
		{BB0E1C7A-C255-41CB-814D-894193AB6424}.Release|x64.Build.0 = Release|x64
		{A0544330-3B8B-45F6-BE6B-E9A5AD661384}.Debug|Any CPU.ActiveCfg = Debug|Win32
		{A0544330-3B8B-45F6-BE6B-E9A5AD661384}.Debug|Any CPU.Build.0 = Debug|Win32
		{A0544330-3B8B-45F6-BE6B-E9A5AD661384}.Debug|Mixed Platforms.ActiveCfg = Debug|Win32
		{A0544330-3B8B-45F6-BE6B-E9A5AD661384}.Debug|Mixed Platforms.Build.0 = Debug|Win32
		{A0544330-3B8B-45F6-BE6B-E9A5AD661384}.Debug|x64.ActiveCfg = Debug|Win32
		{A0544330-3B8B-45F6-BE6B-E9A5AD661384}.NugetDistribution|Any CPU.ActiveCfg = NugetDistribution|Win32
		{A0544330-3B8B-45F6-BE6B-E9A5AD661384}.NugetDistribution|Any CPU.Build.0 = NugetDistribution|Win32
		{A0544330-3B8B-45F6-BE6B-E9A5AD661384}.NugetDistribution|Mixed Platforms.ActiveCfg = NugetDistribution|Win32
		{A0544330-3B8B-45F6-BE6B-E9A5AD661384}.NugetDistribution|Mixed Platforms.Build.0 = NugetDistribution|Win32
		{A0544330-3B8B-45F6-BE6B-E9A5AD661384}.NugetDistribution|x64.ActiveCfg = NugetDistribution|Win32
		{A0544330-3B8B-45F6-BE6B-E9A5AD661384}.Release|Any CPU.ActiveCfg = Release|Win32
		{A0544330-3B8B-45F6-BE6B-E9A5AD661384}.Release|Any CPU.Build.0 = Release|Win32
		{A0544330-3B8B-45F6-BE6B-E9A5AD661384}.Release|Mixed Platforms.ActiveCfg = Release|Win32
		{A0544330-3B8B-45F6-BE6B-E9A5AD661384}.Release|Mixed Platforms.Build.0 = Release|Win32
		{A0544330-3B8B-45F6-BE6B-E9A5AD661384}.Release|x64.ActiveCfg = Release|Win32
		{6BAFBB4A-44A8-4B24-91EE-A429EEB03246}.Debug|Any CPU.ActiveCfg = Debug|Any CPU
		{6BAFBB4A-44A8-4B24-91EE-A429EEB03246}.Debug|Any CPU.Build.0 = Debug|Any CPU
		{6BAFBB4A-44A8-4B24-91EE-A429EEB03246}.Debug|Mixed Platforms.ActiveCfg = Debug|Any CPU
		{6BAFBB4A-44A8-4B24-91EE-A429EEB03246}.Debug|Mixed Platforms.Build.0 = Debug|Any CPU
		{6BAFBB4A-44A8-4B24-91EE-A429EEB03246}.Debug|x64.ActiveCfg = Debug|x64
		{6BAFBB4A-44A8-4B24-91EE-A429EEB03246}.Debug|x64.Build.0 = Debug|x64
		{6BAFBB4A-44A8-4B24-91EE-A429EEB03246}.NugetDistribution|Any CPU.ActiveCfg = Release|Any CPU
		{6BAFBB4A-44A8-4B24-91EE-A429EEB03246}.NugetDistribution|Any CPU.Build.0 = Release|Any CPU
		{6BAFBB4A-44A8-4B24-91EE-A429EEB03246}.NugetDistribution|Mixed Platforms.ActiveCfg = Release|Any CPU
		{6BAFBB4A-44A8-4B24-91EE-A429EEB03246}.NugetDistribution|Mixed Platforms.Build.0 = Release|Any CPU
		{6BAFBB4A-44A8-4B24-91EE-A429EEB03246}.NugetDistribution|x64.ActiveCfg = Release|x64
		{6BAFBB4A-44A8-4B24-91EE-A429EEB03246}.NugetDistribution|x64.Build.0 = Release|x64
		{6BAFBB4A-44A8-4B24-91EE-A429EEB03246}.Release|Any CPU.ActiveCfg = Release|Any CPU
		{6BAFBB4A-44A8-4B24-91EE-A429EEB03246}.Release|Any CPU.Build.0 = Release|Any CPU
		{6BAFBB4A-44A8-4B24-91EE-A429EEB03246}.Release|Mixed Platforms.ActiveCfg = Release|Any CPU
		{6BAFBB4A-44A8-4B24-91EE-A429EEB03246}.Release|Mixed Platforms.Build.0 = Release|Any CPU
		{6BAFBB4A-44A8-4B24-91EE-A429EEB03246}.Release|x64.ActiveCfg = Release|x64
		{6BAFBB4A-44A8-4B24-91EE-A429EEB03246}.Release|x64.Build.0 = Release|x64
		{263A8216-FA39-4CD8-9350-E27CA8AD1799}.Debug|Any CPU.ActiveCfg = Debug|Any CPU
		{263A8216-FA39-4CD8-9350-E27CA8AD1799}.Debug|Any CPU.Build.0 = Debug|Any CPU
		{263A8216-FA39-4CD8-9350-E27CA8AD1799}.Debug|Mixed Platforms.ActiveCfg = Debug|Any CPU
		{263A8216-FA39-4CD8-9350-E27CA8AD1799}.Debug|Mixed Platforms.Build.0 = Debug|Any CPU
		{263A8216-FA39-4CD8-9350-E27CA8AD1799}.Debug|x64.ActiveCfg = Debug|x64
		{263A8216-FA39-4CD8-9350-E27CA8AD1799}.NugetDistribution|Any CPU.ActiveCfg = Release|Any CPU
		{263A8216-FA39-4CD8-9350-E27CA8AD1799}.NugetDistribution|Any CPU.Build.0 = Release|Any CPU
		{263A8216-FA39-4CD8-9350-E27CA8AD1799}.NugetDistribution|Mixed Platforms.ActiveCfg = Release|Any CPU
		{263A8216-FA39-4CD8-9350-E27CA8AD1799}.NugetDistribution|Mixed Platforms.Build.0 = Release|Any CPU
		{263A8216-FA39-4CD8-9350-E27CA8AD1799}.NugetDistribution|x64.ActiveCfg = Release|x64
		{263A8216-FA39-4CD8-9350-E27CA8AD1799}.NugetDistribution|x64.Build.0 = Release|x64
		{263A8216-FA39-4CD8-9350-E27CA8AD1799}.Release|Any CPU.ActiveCfg = Release|Any CPU
		{263A8216-FA39-4CD8-9350-E27CA8AD1799}.Release|Any CPU.Build.0 = Release|Any CPU
		{263A8216-FA39-4CD8-9350-E27CA8AD1799}.Release|Mixed Platforms.ActiveCfg = Release|Any CPU
		{263A8216-FA39-4CD8-9350-E27CA8AD1799}.Release|Mixed Platforms.Build.0 = Release|Any CPU
		{263A8216-FA39-4CD8-9350-E27CA8AD1799}.Release|x64.ActiveCfg = Release|x64
		{263A8216-FA39-4CD8-9350-E27CA8AD1799}.Release|x64.Build.0 = Release|x64
		{B5D96010-3E00-4728-AE57-1496A5E9BC72}.Debug|Any CPU.ActiveCfg = Debug|Any CPU
		{B5D96010-3E00-4728-AE57-1496A5E9BC72}.Debug|Any CPU.Build.0 = Debug|Any CPU
		{B5D96010-3E00-4728-AE57-1496A5E9BC72}.Debug|Mixed Platforms.ActiveCfg = Debug|Any CPU
		{B5D96010-3E00-4728-AE57-1496A5E9BC72}.Debug|Mixed Platforms.Build.0 = Debug|Any CPU
		{B5D96010-3E00-4728-AE57-1496A5E9BC72}.Debug|x64.ActiveCfg = Debug|x64
		{B5D96010-3E00-4728-AE57-1496A5E9BC72}.Debug|x64.Build.0 = Debug|x64
		{B5D96010-3E00-4728-AE57-1496A5E9BC72}.NugetDistribution|Any CPU.ActiveCfg = Release|Any CPU
		{B5D96010-3E00-4728-AE57-1496A5E9BC72}.NugetDistribution|Any CPU.Build.0 = Release|Any CPU
		{B5D96010-3E00-4728-AE57-1496A5E9BC72}.NugetDistribution|Mixed Platforms.ActiveCfg = Release|Any CPU
		{B5D96010-3E00-4728-AE57-1496A5E9BC72}.NugetDistribution|Mixed Platforms.Build.0 = Release|Any CPU
		{B5D96010-3E00-4728-AE57-1496A5E9BC72}.NugetDistribution|x64.ActiveCfg = Release|x64
		{B5D96010-3E00-4728-AE57-1496A5E9BC72}.NugetDistribution|x64.Build.0 = Release|x64
		{B5D96010-3E00-4728-AE57-1496A5E9BC72}.Release|Any CPU.ActiveCfg = Release|Any CPU
		{B5D96010-3E00-4728-AE57-1496A5E9BC72}.Release|Any CPU.Build.0 = Release|Any CPU
		{B5D96010-3E00-4728-AE57-1496A5E9BC72}.Release|Mixed Platforms.ActiveCfg = Release|Any CPU
		{B5D96010-3E00-4728-AE57-1496A5E9BC72}.Release|Mixed Platforms.Build.0 = Release|Any CPU
		{B5D96010-3E00-4728-AE57-1496A5E9BC72}.Release|x64.ActiveCfg = Release|x64
		{B5D96010-3E00-4728-AE57-1496A5E9BC72}.Release|x64.Build.0 = Release|x64
		{571C1A04-3D2F-43C4-9BBC-E42A19FF2397}.Debug|Any CPU.ActiveCfg = Debug|Any CPU
		{571C1A04-3D2F-43C4-9BBC-E42A19FF2397}.Debug|Any CPU.Build.0 = Debug|Any CPU
		{571C1A04-3D2F-43C4-9BBC-E42A19FF2397}.Debug|Mixed Platforms.ActiveCfg = Debug|Any CPU
		{571C1A04-3D2F-43C4-9BBC-E42A19FF2397}.Debug|Mixed Platforms.Build.0 = Debug|Any CPU
		{571C1A04-3D2F-43C4-9BBC-E42A19FF2397}.Debug|x64.ActiveCfg = Debug|x64
		{571C1A04-3D2F-43C4-9BBC-E42A19FF2397}.Debug|x64.Build.0 = Debug|x64
		{571C1A04-3D2F-43C4-9BBC-E42A19FF2397}.NugetDistribution|Any CPU.ActiveCfg = Release|Any CPU
		{571C1A04-3D2F-43C4-9BBC-E42A19FF2397}.NugetDistribution|Any CPU.Build.0 = Release|Any CPU
		{571C1A04-3D2F-43C4-9BBC-E42A19FF2397}.NugetDistribution|Mixed Platforms.ActiveCfg = Release|Any CPU
		{571C1A04-3D2F-43C4-9BBC-E42A19FF2397}.NugetDistribution|Mixed Platforms.Build.0 = Release|Any CPU
		{571C1A04-3D2F-43C4-9BBC-E42A19FF2397}.NugetDistribution|x64.ActiveCfg = Release|x64
		{571C1A04-3D2F-43C4-9BBC-E42A19FF2397}.NugetDistribution|x64.Build.0 = Release|x64
		{571C1A04-3D2F-43C4-9BBC-E42A19FF2397}.Release|Any CPU.ActiveCfg = Release|Any CPU
		{571C1A04-3D2F-43C4-9BBC-E42A19FF2397}.Release|Any CPU.Build.0 = Release|Any CPU
		{571C1A04-3D2F-43C4-9BBC-E42A19FF2397}.Release|Mixed Platforms.ActiveCfg = Release|Any CPU
		{571C1A04-3D2F-43C4-9BBC-E42A19FF2397}.Release|Mixed Platforms.Build.0 = Release|Any CPU
		{571C1A04-3D2F-43C4-9BBC-E42A19FF2397}.Release|x64.ActiveCfg = Release|x64
		{571C1A04-3D2F-43C4-9BBC-E42A19FF2397}.Release|x64.Build.0 = Release|x64
		{C435BA8A-CE7F-446F-BA2E-6E745EE836AF}.Debug|Any CPU.ActiveCfg = Debug|Any CPU
		{C435BA8A-CE7F-446F-BA2E-6E745EE836AF}.Debug|Any CPU.Build.0 = Debug|Any CPU
		{C435BA8A-CE7F-446F-BA2E-6E745EE836AF}.Debug|Mixed Platforms.ActiveCfg = Debug|Any CPU
		{C435BA8A-CE7F-446F-BA2E-6E745EE836AF}.Debug|Mixed Platforms.Build.0 = Debug|Any CPU
		{C435BA8A-CE7F-446F-BA2E-6E745EE836AF}.Debug|x64.ActiveCfg = Debug|x64
		{C435BA8A-CE7F-446F-BA2E-6E745EE836AF}.NugetDistribution|Any CPU.ActiveCfg = Release|Any CPU
		{C435BA8A-CE7F-446F-BA2E-6E745EE836AF}.NugetDistribution|Any CPU.Build.0 = Release|Any CPU
		{C435BA8A-CE7F-446F-BA2E-6E745EE836AF}.NugetDistribution|Mixed Platforms.ActiveCfg = Release|Any CPU
		{C435BA8A-CE7F-446F-BA2E-6E745EE836AF}.NugetDistribution|Mixed Platforms.Build.0 = Release|Any CPU
		{C435BA8A-CE7F-446F-BA2E-6E745EE836AF}.NugetDistribution|x64.ActiveCfg = Release|x64
		{C435BA8A-CE7F-446F-BA2E-6E745EE836AF}.NugetDistribution|x64.Build.0 = Release|x64
		{C435BA8A-CE7F-446F-BA2E-6E745EE836AF}.Release|Any CPU.ActiveCfg = Release|Any CPU
		{C435BA8A-CE7F-446F-BA2E-6E745EE836AF}.Release|Any CPU.Build.0 = Release|Any CPU
		{C435BA8A-CE7F-446F-BA2E-6E745EE836AF}.Release|Mixed Platforms.ActiveCfg = Release|Any CPU
		{C435BA8A-CE7F-446F-BA2E-6E745EE836AF}.Release|Mixed Platforms.Build.0 = Release|Any CPU
		{C435BA8A-CE7F-446F-BA2E-6E745EE836AF}.Release|x64.ActiveCfg = Release|x64
		{C435BA8A-CE7F-446F-BA2E-6E745EE836AF}.Release|x64.Build.0 = Release|x64
		{179CD0ED-DA22-4D61-BE50-E4A02ADD07D4}.Debug|Any CPU.ActiveCfg = Debug|Any CPU
		{179CD0ED-DA22-4D61-BE50-E4A02ADD07D4}.Debug|Any CPU.Build.0 = Debug|Any CPU
		{179CD0ED-DA22-4D61-BE50-E4A02ADD07D4}.Debug|Mixed Platforms.ActiveCfg = Debug|Any CPU
		{179CD0ED-DA22-4D61-BE50-E4A02ADD07D4}.Debug|Mixed Platforms.Build.0 = Debug|Any CPU
		{179CD0ED-DA22-4D61-BE50-E4A02ADD07D4}.Debug|x64.ActiveCfg = Debug|Any CPU
		{179CD0ED-DA22-4D61-BE50-E4A02ADD07D4}.NugetDistribution|Any CPU.ActiveCfg = Release|Any CPU
		{179CD0ED-DA22-4D61-BE50-E4A02ADD07D4}.NugetDistribution|Any CPU.Build.0 = Release|Any CPU
		{179CD0ED-DA22-4D61-BE50-E4A02ADD07D4}.NugetDistribution|Mixed Platforms.ActiveCfg = Release|Any CPU
		{179CD0ED-DA22-4D61-BE50-E4A02ADD07D4}.NugetDistribution|Mixed Platforms.Build.0 = Release|Any CPU
		{179CD0ED-DA22-4D61-BE50-E4A02ADD07D4}.NugetDistribution|x64.ActiveCfg = Release|Any CPU
		{179CD0ED-DA22-4D61-BE50-E4A02ADD07D4}.Release|Any CPU.ActiveCfg = Release|Any CPU
		{179CD0ED-DA22-4D61-BE50-E4A02ADD07D4}.Release|Any CPU.Build.0 = Release|Any CPU
		{179CD0ED-DA22-4D61-BE50-E4A02ADD07D4}.Release|Mixed Platforms.ActiveCfg = Release|Any CPU
		{179CD0ED-DA22-4D61-BE50-E4A02ADD07D4}.Release|Mixed Platforms.Build.0 = Release|Any CPU
		{179CD0ED-DA22-4D61-BE50-E4A02ADD07D4}.Release|x64.ActiveCfg = Release|Any CPU
		{4D67E703-9EBD-489D-80FB-06514B98CB88}.Debug|Any CPU.ActiveCfg = Debug|Any CPU
		{4D67E703-9EBD-489D-80FB-06514B98CB88}.Debug|Any CPU.Build.0 = Debug|Any CPU
		{4D67E703-9EBD-489D-80FB-06514B98CB88}.Debug|Mixed Platforms.ActiveCfg = Debug|Any CPU
		{4D67E703-9EBD-489D-80FB-06514B98CB88}.Debug|Mixed Platforms.Build.0 = Debug|Any CPU
		{4D67E703-9EBD-489D-80FB-06514B98CB88}.Debug|x64.ActiveCfg = Debug|Any CPU
		{4D67E703-9EBD-489D-80FB-06514B98CB88}.NugetDistribution|Any CPU.ActiveCfg = Release|Any CPU
		{4D67E703-9EBD-489D-80FB-06514B98CB88}.NugetDistribution|Any CPU.Build.0 = Release|Any CPU
		{4D67E703-9EBD-489D-80FB-06514B98CB88}.NugetDistribution|Mixed Platforms.ActiveCfg = Release|Any CPU
		{4D67E703-9EBD-489D-80FB-06514B98CB88}.NugetDistribution|Mixed Platforms.Build.0 = Release|Any CPU
		{4D67E703-9EBD-489D-80FB-06514B98CB88}.NugetDistribution|x64.ActiveCfg = Release|Any CPU
		{4D67E703-9EBD-489D-80FB-06514B98CB88}.Release|Any CPU.ActiveCfg = Release|Any CPU
		{4D67E703-9EBD-489D-80FB-06514B98CB88}.Release|Any CPU.Build.0 = Release|Any CPU
		{4D67E703-9EBD-489D-80FB-06514B98CB88}.Release|Mixed Platforms.ActiveCfg = Release|Any CPU
		{4D67E703-9EBD-489D-80FB-06514B98CB88}.Release|Mixed Platforms.Build.0 = Release|Any CPU
		{4D67E703-9EBD-489D-80FB-06514B98CB88}.Release|x64.ActiveCfg = Release|Any CPU
	EndGlobalSection
	GlobalSection(SolutionProperties) = preSolution
		HideSolutionNode = FALSE
	EndGlobalSection
	GlobalSection(NestedProjects) = preSolution
		{10A2F674-DB37-41FF-AB71-9D54C8F0A5B6} = {E9E301F2-FE7D-4410-B88D-F83D684A8E62}
		{D6CED5D7-BE37-4A32-90A5-1444C9FFDD91} = {0DA6263B-5A69-401E-99D0-391644EF4709}
		{219A127E-82B8-43A1-8959-7102E4724F8F} = {0DA6263B-5A69-401E-99D0-391644EF4709}
		{5B6AC153-AC56-4B01-8734-88EAB805A6DB} = {0DA6263B-5A69-401E-99D0-391644EF4709}
		{8729CDD1-B493-48EC-A867-61ABAF3E93D2} = {7ECDCF15-95BB-4D2B-8C0D-8615D6E3BAB1}
		{6EF22FB8-7048-4E6A-9B2F-AC2570A998A9} = {7ECDCF15-95BB-4D2B-8C0D-8615D6E3BAB1}
		{FB5A1829-7B34-4DE9-94A9-AF3AD36320BB} = {0DA6263B-5A69-401E-99D0-391644EF4709}
		{9FD894A7-6637-4BF0-A0EA-D654CEB0E234} = {0DA6263B-5A69-401E-99D0-391644EF4709}
		{6BAFBB4A-44A8-4B24-91EE-A429EEB03246} = {0E5E23D6-ECCE-4575-9BB1-1666D1B0A106}
		{263A8216-FA39-4CD8-9350-E27CA8AD1799} = {7ECDCF15-95BB-4D2B-8C0D-8615D6E3BAB1}
		{B5D96010-3E00-4728-AE57-1496A5E9BC72} = {0E5E23D6-ECCE-4575-9BB1-1666D1B0A106}
		{571C1A04-3D2F-43C4-9BBC-E42A19FF2397} = {0E5E23D6-ECCE-4575-9BB1-1666D1B0A106}
		{C435BA8A-CE7F-446F-BA2E-6E745EE836AF} = {7ECDCF15-95BB-4D2B-8C0D-8615D6E3BAB1}
		{179CD0ED-DA22-4D61-BE50-E4A02ADD07D4} = {0E5E23D6-ECCE-4575-9BB1-1666D1B0A106}
		{4D67E703-9EBD-489D-80FB-06514B98CB88} = {7ECDCF15-95BB-4D2B-8C0D-8615D6E3BAB1}
	EndGlobalSection
	GlobalSection(TestCaseManagementSettings) = postSolution
		CategoryFile = XbimComplete.vsmdi
	EndGlobalSection
	GlobalSection(JSLint) = preSolution
		SolutionConfigurationLocation = JSLintOptions.xml
	EndGlobalSection
EndGlobal
